
Microsoft Visual Studio Solution File, Format Version 12.00
# Visual Studio 15
VisualStudioVersion = 15.0.27130.2036
MinimumVisualStudioVersion = 10.0.40219.1
Project("{2150E333-8FDC-42A3-9474-1A3956D46DE8}") = "Samples", "Samples", "{E30B6663-E909-40F4-AE0B-6A8D08BCA39F}"
EndProject
Project("{FAE04EC0-301F-11D3-BF4B-00C04F79EFBC}") = "Plugin.MediaManager.ExoPlayer", "MediaManager.ExoPlayer\Plugin.MediaManager.ExoPlayer.csproj", "{06EF2F1F-8A8E-47D6-9FC8-BBC521783F13}"
EndProject
Project("{FAE04EC0-301F-11D3-BF4B-00C04F79EFBC}") = "Plugin.MediaManager.Reactive", "MediaManager.Reactive\Plugin.MediaManager.Reactive.csproj", "{DB2BAFBA-2A85-4E9B-8E9D-0A607A661E84}"
EndProject
Project("{2150E333-8FDC-42A3-9474-1A3956D46DE8}") = "Forms", "Forms", "{4D6DBE82-C4E6-4FFB-9D1F-4AE23CF42435}"
EndProject
Project("{FAE04EC0-301F-11D3-BF4B-00C04F79EFBC}") = "Plugin.MediaManager.Forms", "MediaManager.Forms\MediaManager.Forms\Plugin.MediaManager.Forms.csproj", "{67F9D3A8-F71E-4428-913F-C37AE82CDB24}"
EndProject
Project("{FAE04EC0-301F-11D3-BF4B-00C04F79EFBC}") = "Plugin.MediaManager.Forms.Android", "MediaManager.Forms\MediaManager.Forms.Android\Plugin.MediaManager.Forms.Android.csproj", "{C8566A9E-FB6B-4459-AC87-5DB16D221D29}"
EndProject
Project("{FAE04EC0-301F-11D3-BF4B-00C04F79EFBC}") = "Plugin.MediaManager.Forms.iOS", "MediaManager.Forms\MediaManager.Forms.iOS\Plugin.MediaManager.Forms.iOS.csproj", "{586D5119-52D8-40B1-9BB5-CC7FDB033B86}"
EndProject
Project("{FAE04EC0-301F-11D3-BF4B-00C04F79EFBC}") = "Plugin.MediaManager.Forms.UWP", "MediaManager.Forms\MediaManager.Forms.UWP\Plugin.MediaManager.Forms.UWP.csproj", "{2230DCD0-118B-4021-B0B2-71CE00111D5E}"
EndProject
Project("{2150E333-8FDC-42A3-9474-1A3956D46DE8}") = "Extentions", "Extentions", "{D603F379-90E7-46B0-9827-306B51D82F9D}"
EndProject
Project("{2150E333-8FDC-42A3-9474-1A3956D46DE8}") = "Forms", "Forms", "{86F4D7EF-0D08-4967-AD8D-75E476E87EB8}"
EndProject
Project("{FAE04EC0-301F-11D3-BF4B-00C04F79EFBC}") = "MediaForms", "Samples\Forms\MediaForms\MediaForms.csproj", "{7469C2C8-209A-4202-AEE9-E2B3F451BDD4}"
EndProject
Project("{FAE04EC0-301F-11D3-BF4B-00C04F79EFBC}") = "MediaForms.Android", "Samples\Forms\Droid\MediaForms.Android.csproj", "{12B95EC8-F026-40D6-994D-364022F785C0}"
EndProject
Project("{2150E333-8FDC-42A3-9474-1A3956D46DE8}") = "Simple", "Simple", "{FD4A1000-6540-4A1D-BE65-40249DE24BFE}"
EndProject
Project("{FAE04EC0-301F-11D3-BF4B-00C04F79EFBC}") = "MediaSample.UWP", "Samples\Simple\MediaSample.UWP\MediaSample.UWP.csproj", "{BC83287D-8247-4033-A946-B8C547A7F534}"
EndProject
Project("{2150E333-8FDC-42A3-9474-1A3956D46DE8}") = "MvvmCross", "MvvmCross", "{CF5E83A2-37C7-4E6F-9300-1C1EFD5B6FB4}"
EndProject
Project("{FAE04EC0-301F-11D3-BF4B-00C04F79EFBC}") = "MediaForms.UWP", "Samples\Forms\MediaForms.UWP\MediaForms.UWP.csproj", "{CF3DB967-2FB7-48D1-9A66-C0E70ABBF527}"
EndProject
Project("{2150E333-8FDC-42A3-9474-1A3956D46DE8}") = "Video", "Video", "{A77E4FD3-2812-4330-BC52-B82C885CE0F5}"
EndProject
Project("{FAE04EC0-301F-11D3-BF4B-00C04F79EFBC}") = "Plugin.MediaManager.UWP.Tests", "MediaManager.UWP.Tests\Plugin.MediaManager.UWP.Tests.csproj", "{4921043C-6A1F-4663-B0CB-B43D0D61FDF2}"
EndProject
Project("{FAE04EC0-301F-11D3-BF4B-00C04F79EFBC}") = "Plugin.MediaManager", "MediaManager\Plugin.MediaManager.csproj", "{57484D07-A3D9-4E99-8D97-688BFCE137D1}"
EndProject
Project("{2150E333-8FDC-42A3-9474-1A3956D46DE8}") = "SolutionItems", "SolutionItems", "{578FA301-8828-47CE-A4E8-2FA05254F04C}"
	ProjectSection(SolutionItems) = preProject
		Directory.build.props = Directory.build.props
		Directory.build.targets = Directory.build.targets
		build.cake = build.cake
	EndProjectSection
EndProject
Project("{9344BDBB-3E7F-41FC-A0DD-8665D75EE146}") = "MediaForms.iOS", "Samples\Forms\iOS\MediaForms.iOS.csproj", "{74944B1F-AA30-4660-B489-500E3E440810}"
EndProject
Project("{9344BDBB-3E7F-41FC-A0DD-8665D75EE146}") = "MediaSample.Core", "Samples\Simple\MediaSample.Core\MediaSample.Core.csproj", "{1DC9E82A-3D4D-469B-BEEE-BFBBD3BE6729}"
EndProject
Project("{9344BDBB-3E7F-41FC-A0DD-8665D75EE146}") = "MediaSample.Droid", "Samples\Simple\MediaSample.Droid\MediaSample.Droid.csproj", "{97D4E86E-6A46-4EFC-B3D5-6E1514E92E49}"
EndProject
Project("{9344BDBB-3E7F-41FC-A0DD-8665D75EE146}") = "MediaSample.iOS", "Samples\Simple\MediaSample.iOS\MediaSample.iOS.csproj", "{549E0CA8-3F26-49E6-8128-85DD5D43130A}"
EndProject
Project("{9344BDBB-3E7F-41FC-A0DD-8665D75EE146}") = "MyMediaPlayer.Core", "Samples\MvvmCross\MyMediaPlayer.Core\MyMediaPlayer.Core.csproj", "{9A89C534-4D17-4FD1-917F-A567DB4415BE}"
EndProject
Project("{9344BDBB-3E7F-41FC-A0DD-8665D75EE146}") = "MyMediaPlayer.Droid", "Samples\MvvmCross\MyMediaPlayer.Droid\MyMediaPlayer.Droid.csproj", "{965B97B0-66D2-436B-B586-1BF8E9E68691}"
EndProject
Project("{9344BDBB-3E7F-41FC-A0DD-8665D75EE146}") = "MyMediaPlayer.iOS", "Samples\MvvmCross\MyMediaPlayer.iOS\MyMediaPlayer.iOS.csproj", "{B20621BB-50D2-420E-84A0-AF5A178DDF0F}"
EndProject
Project("{9344BDBB-3E7F-41FC-A0DD-8665D75EE146}") = "MyMediaPlayer.tvOS", "Samples\MvvmCross\MyMediaPlayer.tvOS\MyMediaPlayer.tvOS.csproj", "{5BE9DFD8-7F1D-4926-A203-BF664722CDEA}"
EndProject
Project("{9344BDBB-3E7F-41FC-A0DD-8665D75EE146}") = "MyMediaPlayer.UWP", "Samples\MvvmCross\MyMediaPlayer.UWP\MyMediaPlayer.UWP.csproj", "{7AC7398E-1986-4C16-844D-068045635B47}"
EndProject
Project("{9344BDBB-3E7F-41FC-A0DD-8665D75EE146}") = "MyMediaPlayer.MacOS", "Samples\MvvmCross\MyMediaPlayer.MacOS\MyMediaPlayer.MacOS.csproj", "{6E311AEE-A321-4016-A441-028B6073881A}"
EndProject
Project("{9344BDBB-3E7F-41FC-A0DD-8665D75EE146}") = "VideoSample.iOS", "Samples\Video\VideoSample.iOS\VideoSample.iOS.csproj", "{A6067422-A188-4272-8808-C8220B67E354}"
EndProject
Project("{9344BDBB-3E7F-41FC-A0DD-8665D75EE146}") = "Plugin.MediaManager.Tests", "MediaManager.Tests\Plugin.MediaManager.Tests.csproj", "{1655CC44-B79E-4ED2-BCA2-96731CE7582C}"
EndProject
Global
	GlobalSection(SolutionConfigurationPlatforms) = preSolution
		Debug|Any CPU = Debug|Any CPU
		Debug|ARM = Debug|ARM
		Debug|iPhone = Debug|iPhone
		Debug|iPhoneSimulator = Debug|iPhoneSimulator
		Debug|x64 = Debug|x64
		Debug|x86 = Debug|x86
		Release|Any CPU = Release|Any CPU
		Release|ARM = Release|ARM
		Release|iPhone = Release|iPhone
		Release|iPhoneSimulator = Release|iPhoneSimulator
		Release|x64 = Release|x64
		Release|x86 = Release|x86
	EndGlobalSection
	GlobalSection(ProjectConfigurationPlatforms) = postSolution
		{06EF2F1F-8A8E-47D6-9FC8-BBC521783F13}.Debug|Any CPU.ActiveCfg = Debug|Any CPU
		{06EF2F1F-8A8E-47D6-9FC8-BBC521783F13}.Debug|Any CPU.Build.0 = Debug|Any CPU
		{06EF2F1F-8A8E-47D6-9FC8-BBC521783F13}.Debug|ARM.ActiveCfg = Debug|Any CPU
		{06EF2F1F-8A8E-47D6-9FC8-BBC521783F13}.Debug|ARM.Build.0 = Debug|Any CPU
		{06EF2F1F-8A8E-47D6-9FC8-BBC521783F13}.Debug|iPhone.ActiveCfg = Debug|Any CPU
		{06EF2F1F-8A8E-47D6-9FC8-BBC521783F13}.Debug|iPhone.Build.0 = Debug|Any CPU
		{06EF2F1F-8A8E-47D6-9FC8-BBC521783F13}.Debug|iPhoneSimulator.ActiveCfg = Debug|Any CPU
		{06EF2F1F-8A8E-47D6-9FC8-BBC521783F13}.Debug|iPhoneSimulator.Build.0 = Debug|Any CPU
		{06EF2F1F-8A8E-47D6-9FC8-BBC521783F13}.Debug|x64.ActiveCfg = Debug|Any CPU
		{06EF2F1F-8A8E-47D6-9FC8-BBC521783F13}.Debug|x64.Build.0 = Debug|Any CPU
		{06EF2F1F-8A8E-47D6-9FC8-BBC521783F13}.Debug|x86.ActiveCfg = Debug|Any CPU
		{06EF2F1F-8A8E-47D6-9FC8-BBC521783F13}.Debug|x86.Build.0 = Debug|Any CPU
		{06EF2F1F-8A8E-47D6-9FC8-BBC521783F13}.Release|Any CPU.ActiveCfg = Release|Any CPU
		{06EF2F1F-8A8E-47D6-9FC8-BBC521783F13}.Release|Any CPU.Build.0 = Release|Any CPU
		{06EF2F1F-8A8E-47D6-9FC8-BBC521783F13}.Release|ARM.ActiveCfg = Release|Any CPU
		{06EF2F1F-8A8E-47D6-9FC8-BBC521783F13}.Release|ARM.Build.0 = Release|Any CPU
		{06EF2F1F-8A8E-47D6-9FC8-BBC521783F13}.Release|iPhone.ActiveCfg = Release|Any CPU
		{06EF2F1F-8A8E-47D6-9FC8-BBC521783F13}.Release|iPhone.Build.0 = Release|Any CPU
		{06EF2F1F-8A8E-47D6-9FC8-BBC521783F13}.Release|iPhoneSimulator.ActiveCfg = Release|Any CPU
		{06EF2F1F-8A8E-47D6-9FC8-BBC521783F13}.Release|iPhoneSimulator.Build.0 = Release|Any CPU
		{06EF2F1F-8A8E-47D6-9FC8-BBC521783F13}.Release|x64.ActiveCfg = Release|Any CPU
		{06EF2F1F-8A8E-47D6-9FC8-BBC521783F13}.Release|x64.Build.0 = Release|Any CPU
		{06EF2F1F-8A8E-47D6-9FC8-BBC521783F13}.Release|x86.ActiveCfg = Release|Any CPU
		{06EF2F1F-8A8E-47D6-9FC8-BBC521783F13}.Release|x86.Build.0 = Release|Any CPU
		{DB2BAFBA-2A85-4E9B-8E9D-0A607A661E84}.Debug|Any CPU.ActiveCfg = Debug|Any CPU
		{DB2BAFBA-2A85-4E9B-8E9D-0A607A661E84}.Debug|Any CPU.Build.0 = Debug|Any CPU
		{DB2BAFBA-2A85-4E9B-8E9D-0A607A661E84}.Debug|ARM.ActiveCfg = Debug|Any CPU
		{DB2BAFBA-2A85-4E9B-8E9D-0A607A661E84}.Debug|ARM.Build.0 = Debug|Any CPU
		{DB2BAFBA-2A85-4E9B-8E9D-0A607A661E84}.Debug|iPhone.ActiveCfg = Debug|Any CPU
		{DB2BAFBA-2A85-4E9B-8E9D-0A607A661E84}.Debug|iPhone.Build.0 = Debug|Any CPU
		{DB2BAFBA-2A85-4E9B-8E9D-0A607A661E84}.Debug|iPhoneSimulator.ActiveCfg = Debug|Any CPU
		{DB2BAFBA-2A85-4E9B-8E9D-0A607A661E84}.Debug|iPhoneSimulator.Build.0 = Debug|Any CPU
		{DB2BAFBA-2A85-4E9B-8E9D-0A607A661E84}.Debug|x64.ActiveCfg = Debug|Any CPU
		{DB2BAFBA-2A85-4E9B-8E9D-0A607A661E84}.Debug|x64.Build.0 = Debug|Any CPU
		{DB2BAFBA-2A85-4E9B-8E9D-0A607A661E84}.Debug|x86.ActiveCfg = Debug|Any CPU
		{DB2BAFBA-2A85-4E9B-8E9D-0A607A661E84}.Debug|x86.Build.0 = Debug|Any CPU
		{DB2BAFBA-2A85-4E9B-8E9D-0A607A661E84}.Release|Any CPU.ActiveCfg = Release|Any CPU
		{DB2BAFBA-2A85-4E9B-8E9D-0A607A661E84}.Release|Any CPU.Build.0 = Release|Any CPU
		{DB2BAFBA-2A85-4E9B-8E9D-0A607A661E84}.Release|ARM.ActiveCfg = Release|Any CPU
		{DB2BAFBA-2A85-4E9B-8E9D-0A607A661E84}.Release|ARM.Build.0 = Release|Any CPU
		{DB2BAFBA-2A85-4E9B-8E9D-0A607A661E84}.Release|iPhone.ActiveCfg = Release|Any CPU
		{DB2BAFBA-2A85-4E9B-8E9D-0A607A661E84}.Release|iPhone.Build.0 = Release|Any CPU
		{DB2BAFBA-2A85-4E9B-8E9D-0A607A661E84}.Release|iPhoneSimulator.ActiveCfg = Release|Any CPU
		{DB2BAFBA-2A85-4E9B-8E9D-0A607A661E84}.Release|iPhoneSimulator.Build.0 = Release|Any CPU
		{DB2BAFBA-2A85-4E9B-8E9D-0A607A661E84}.Release|x64.ActiveCfg = Release|Any CPU
		{DB2BAFBA-2A85-4E9B-8E9D-0A607A661E84}.Release|x64.Build.0 = Release|Any CPU
		{DB2BAFBA-2A85-4E9B-8E9D-0A607A661E84}.Release|x86.ActiveCfg = Release|Any CPU
		{DB2BAFBA-2A85-4E9B-8E9D-0A607A661E84}.Release|x86.Build.0 = Release|Any CPU
		{67F9D3A8-F71E-4428-913F-C37AE82CDB24}.Debug|Any CPU.ActiveCfg = Debug|Any CPU
		{67F9D3A8-F71E-4428-913F-C37AE82CDB24}.Debug|Any CPU.Build.0 = Debug|Any CPU
		{67F9D3A8-F71E-4428-913F-C37AE82CDB24}.Debug|ARM.ActiveCfg = Debug|Any CPU
		{67F9D3A8-F71E-4428-913F-C37AE82CDB24}.Debug|ARM.Build.0 = Debug|Any CPU
		{67F9D3A8-F71E-4428-913F-C37AE82CDB24}.Debug|iPhone.ActiveCfg = Debug|Any CPU
		{67F9D3A8-F71E-4428-913F-C37AE82CDB24}.Debug|iPhone.Build.0 = Debug|Any CPU
		{67F9D3A8-F71E-4428-913F-C37AE82CDB24}.Debug|iPhoneSimulator.ActiveCfg = Debug|Any CPU
		{67F9D3A8-F71E-4428-913F-C37AE82CDB24}.Debug|iPhoneSimulator.Build.0 = Debug|Any CPU
		{67F9D3A8-F71E-4428-913F-C37AE82CDB24}.Debug|x64.ActiveCfg = Debug|Any CPU
		{67F9D3A8-F71E-4428-913F-C37AE82CDB24}.Debug|x64.Build.0 = Debug|Any CPU
		{67F9D3A8-F71E-4428-913F-C37AE82CDB24}.Debug|x86.ActiveCfg = Debug|Any CPU
		{67F9D3A8-F71E-4428-913F-C37AE82CDB24}.Debug|x86.Build.0 = Debug|Any CPU
		{67F9D3A8-F71E-4428-913F-C37AE82CDB24}.Release|Any CPU.ActiveCfg = Release|Any CPU
		{67F9D3A8-F71E-4428-913F-C37AE82CDB24}.Release|Any CPU.Build.0 = Release|Any CPU
		{67F9D3A8-F71E-4428-913F-C37AE82CDB24}.Release|ARM.ActiveCfg = Release|Any CPU
		{67F9D3A8-F71E-4428-913F-C37AE82CDB24}.Release|ARM.Build.0 = Release|Any CPU
		{67F9D3A8-F71E-4428-913F-C37AE82CDB24}.Release|iPhone.ActiveCfg = Release|Any CPU
		{67F9D3A8-F71E-4428-913F-C37AE82CDB24}.Release|iPhone.Build.0 = Release|Any CPU
		{67F9D3A8-F71E-4428-913F-C37AE82CDB24}.Release|iPhoneSimulator.ActiveCfg = Release|Any CPU
		{67F9D3A8-F71E-4428-913F-C37AE82CDB24}.Release|iPhoneSimulator.Build.0 = Release|Any CPU
		{67F9D3A8-F71E-4428-913F-C37AE82CDB24}.Release|x64.ActiveCfg = Release|Any CPU
		{67F9D3A8-F71E-4428-913F-C37AE82CDB24}.Release|x64.Build.0 = Release|Any CPU
		{67F9D3A8-F71E-4428-913F-C37AE82CDB24}.Release|x86.ActiveCfg = Release|Any CPU
		{67F9D3A8-F71E-4428-913F-C37AE82CDB24}.Release|x86.Build.0 = Release|Any CPU
		{C8566A9E-FB6B-4459-AC87-5DB16D221D29}.Debug|Any CPU.ActiveCfg = Debug|Any CPU
		{C8566A9E-FB6B-4459-AC87-5DB16D221D29}.Debug|Any CPU.Build.0 = Debug|Any CPU
		{C8566A9E-FB6B-4459-AC87-5DB16D221D29}.Debug|ARM.ActiveCfg = Debug|Any CPU
		{C8566A9E-FB6B-4459-AC87-5DB16D221D29}.Debug|ARM.Build.0 = Debug|Any CPU
		{C8566A9E-FB6B-4459-AC87-5DB16D221D29}.Debug|iPhone.ActiveCfg = Debug|Any CPU
		{C8566A9E-FB6B-4459-AC87-5DB16D221D29}.Debug|iPhone.Build.0 = Debug|Any CPU
		{C8566A9E-FB6B-4459-AC87-5DB16D221D29}.Debug|iPhoneSimulator.ActiveCfg = Debug|Any CPU
		{C8566A9E-FB6B-4459-AC87-5DB16D221D29}.Debug|x64.ActiveCfg = Debug|Any CPU
		{C8566A9E-FB6B-4459-AC87-5DB16D221D29}.Debug|x64.Build.0 = Debug|Any CPU
		{C8566A9E-FB6B-4459-AC87-5DB16D221D29}.Debug|x86.ActiveCfg = Debug|Any CPU
		{C8566A9E-FB6B-4459-AC87-5DB16D221D29}.Debug|x86.Build.0 = Debug|Any CPU
		{C8566A9E-FB6B-4459-AC87-5DB16D221D29}.Release|Any CPU.ActiveCfg = Release|Any CPU
		{C8566A9E-FB6B-4459-AC87-5DB16D221D29}.Release|Any CPU.Build.0 = Release|Any CPU
		{C8566A9E-FB6B-4459-AC87-5DB16D221D29}.Release|ARM.ActiveCfg = Release|Any CPU
		{C8566A9E-FB6B-4459-AC87-5DB16D221D29}.Release|ARM.Build.0 = Release|Any CPU
		{C8566A9E-FB6B-4459-AC87-5DB16D221D29}.Release|iPhone.ActiveCfg = Release|Any CPU
		{C8566A9E-FB6B-4459-AC87-5DB16D221D29}.Release|iPhone.Build.0 = Release|Any CPU
		{C8566A9E-FB6B-4459-AC87-5DB16D221D29}.Release|iPhoneSimulator.ActiveCfg = Release|Any CPU
		{C8566A9E-FB6B-4459-AC87-5DB16D221D29}.Release|iPhoneSimulator.Build.0 = Release|Any CPU
		{C8566A9E-FB6B-4459-AC87-5DB16D221D29}.Release|x64.ActiveCfg = Release|Any CPU
		{C8566A9E-FB6B-4459-AC87-5DB16D221D29}.Release|x64.Build.0 = Release|Any CPU
		{C8566A9E-FB6B-4459-AC87-5DB16D221D29}.Release|x86.ActiveCfg = Release|Any CPU
		{C8566A9E-FB6B-4459-AC87-5DB16D221D29}.Release|x86.Build.0 = Release|Any CPU
		{586D5119-52D8-40B1-9BB5-CC7FDB033B86}.Debug|Any CPU.ActiveCfg = Debug|Any CPU
		{586D5119-52D8-40B1-9BB5-CC7FDB033B86}.Debug|Any CPU.Build.0 = Debug|Any CPU
		{586D5119-52D8-40B1-9BB5-CC7FDB033B86}.Debug|ARM.ActiveCfg = Debug|Any CPU
		{586D5119-52D8-40B1-9BB5-CC7FDB033B86}.Debug|ARM.Build.0 = Debug|Any CPU
		{586D5119-52D8-40B1-9BB5-CC7FDB033B86}.Debug|iPhone.ActiveCfg = Debug|Any CPU
		{586D5119-52D8-40B1-9BB5-CC7FDB033B86}.Debug|iPhone.Build.0 = Debug|Any CPU
		{586D5119-52D8-40B1-9BB5-CC7FDB033B86}.Debug|iPhoneSimulator.ActiveCfg = Debug|Any CPU
		{586D5119-52D8-40B1-9BB5-CC7FDB033B86}.Debug|iPhoneSimulator.Build.0 = Debug|Any CPU
		{586D5119-52D8-40B1-9BB5-CC7FDB033B86}.Debug|x64.ActiveCfg = Debug|Any CPU
		{586D5119-52D8-40B1-9BB5-CC7FDB033B86}.Debug|x64.Build.0 = Debug|Any CPU
		{586D5119-52D8-40B1-9BB5-CC7FDB033B86}.Debug|x86.ActiveCfg = Debug|Any CPU
		{586D5119-52D8-40B1-9BB5-CC7FDB033B86}.Debug|x86.Build.0 = Debug|Any CPU
		{586D5119-52D8-40B1-9BB5-CC7FDB033B86}.Release|Any CPU.ActiveCfg = Release|Any CPU
		{586D5119-52D8-40B1-9BB5-CC7FDB033B86}.Release|Any CPU.Build.0 = Release|Any CPU
		{586D5119-52D8-40B1-9BB5-CC7FDB033B86}.Release|ARM.ActiveCfg = Release|Any CPU
		{586D5119-52D8-40B1-9BB5-CC7FDB033B86}.Release|ARM.Build.0 = Release|Any CPU
		{586D5119-52D8-40B1-9BB5-CC7FDB033B86}.Release|iPhone.ActiveCfg = Release|Any CPU
		{586D5119-52D8-40B1-9BB5-CC7FDB033B86}.Release|iPhone.Build.0 = Release|Any CPU
		{586D5119-52D8-40B1-9BB5-CC7FDB033B86}.Release|iPhoneSimulator.ActiveCfg = Release|Any CPU
		{586D5119-52D8-40B1-9BB5-CC7FDB033B86}.Release|iPhoneSimulator.Build.0 = Release|Any CPU
		{586D5119-52D8-40B1-9BB5-CC7FDB033B86}.Release|x64.ActiveCfg = Release|Any CPU
		{586D5119-52D8-40B1-9BB5-CC7FDB033B86}.Release|x64.Build.0 = Release|Any CPU
		{586D5119-52D8-40B1-9BB5-CC7FDB033B86}.Release|x86.ActiveCfg = Release|Any CPU
		{586D5119-52D8-40B1-9BB5-CC7FDB033B86}.Release|x86.Build.0 = Release|Any CPU
		{2230DCD0-118B-4021-B0B2-71CE00111D5E}.Debug|Any CPU.ActiveCfg = Debug|Any CPU
		{2230DCD0-118B-4021-B0B2-71CE00111D5E}.Debug|Any CPU.Build.0 = Debug|Any CPU
		{2230DCD0-118B-4021-B0B2-71CE00111D5E}.Debug|ARM.ActiveCfg = Debug|ARM
		{2230DCD0-118B-4021-B0B2-71CE00111D5E}.Debug|ARM.Build.0 = Debug|ARM
		{2230DCD0-118B-4021-B0B2-71CE00111D5E}.Debug|iPhone.ActiveCfg = Debug|Any CPU
		{2230DCD0-118B-4021-B0B2-71CE00111D5E}.Debug|iPhone.Build.0 = Debug|Any CPU
		{2230DCD0-118B-4021-B0B2-71CE00111D5E}.Debug|iPhoneSimulator.ActiveCfg = Debug|Any CPU
		{2230DCD0-118B-4021-B0B2-71CE00111D5E}.Debug|x64.ActiveCfg = Debug|x64
		{2230DCD0-118B-4021-B0B2-71CE00111D5E}.Debug|x64.Build.0 = Debug|x64
		{2230DCD0-118B-4021-B0B2-71CE00111D5E}.Debug|x86.ActiveCfg = Debug|x86
		{2230DCD0-118B-4021-B0B2-71CE00111D5E}.Debug|x86.Build.0 = Debug|x86
		{2230DCD0-118B-4021-B0B2-71CE00111D5E}.Release|Any CPU.ActiveCfg = Release|Any CPU
		{2230DCD0-118B-4021-B0B2-71CE00111D5E}.Release|Any CPU.Build.0 = Release|Any CPU
		{2230DCD0-118B-4021-B0B2-71CE00111D5E}.Release|ARM.ActiveCfg = Release|ARM
		{2230DCD0-118B-4021-B0B2-71CE00111D5E}.Release|ARM.Build.0 = Release|ARM
		{2230DCD0-118B-4021-B0B2-71CE00111D5E}.Release|iPhone.ActiveCfg = Release|Any CPU
		{2230DCD0-118B-4021-B0B2-71CE00111D5E}.Release|iPhone.Build.0 = Release|Any CPU
		{2230DCD0-118B-4021-B0B2-71CE00111D5E}.Release|iPhoneSimulator.ActiveCfg = Release|Any CPU
		{2230DCD0-118B-4021-B0B2-71CE00111D5E}.Release|iPhoneSimulator.Build.0 = Release|Any CPU
		{2230DCD0-118B-4021-B0B2-71CE00111D5E}.Release|x64.ActiveCfg = Release|x64
		{2230DCD0-118B-4021-B0B2-71CE00111D5E}.Release|x64.Build.0 = Release|x64
		{2230DCD0-118B-4021-B0B2-71CE00111D5E}.Release|x86.ActiveCfg = Release|x86
		{2230DCD0-118B-4021-B0B2-71CE00111D5E}.Release|x86.Build.0 = Release|x86
		{7469C2C8-209A-4202-AEE9-E2B3F451BDD4}.Debug|Any CPU.ActiveCfg = Debug|Any CPU
		{7469C2C8-209A-4202-AEE9-E2B3F451BDD4}.Debug|Any CPU.Build.0 = Debug|Any CPU
		{7469C2C8-209A-4202-AEE9-E2B3F451BDD4}.Debug|ARM.ActiveCfg = Debug|Any CPU
		{7469C2C8-209A-4202-AEE9-E2B3F451BDD4}.Debug|ARM.Build.0 = Debug|Any CPU
		{7469C2C8-209A-4202-AEE9-E2B3F451BDD4}.Debug|iPhone.ActiveCfg = Debug|Any CPU
		{7469C2C8-209A-4202-AEE9-E2B3F451BDD4}.Debug|iPhone.Build.0 = Debug|Any CPU
		{7469C2C8-209A-4202-AEE9-E2B3F451BDD4}.Debug|iPhoneSimulator.ActiveCfg = Debug|Any CPU
		{7469C2C8-209A-4202-AEE9-E2B3F451BDD4}.Debug|iPhoneSimulator.Build.0 = Debug|Any CPU
		{7469C2C8-209A-4202-AEE9-E2B3F451BDD4}.Debug|x64.ActiveCfg = Debug|Any CPU
		{7469C2C8-209A-4202-AEE9-E2B3F451BDD4}.Debug|x64.Build.0 = Debug|Any CPU
		{7469C2C8-209A-4202-AEE9-E2B3F451BDD4}.Debug|x86.ActiveCfg = Debug|Any CPU
		{7469C2C8-209A-4202-AEE9-E2B3F451BDD4}.Debug|x86.Build.0 = Debug|Any CPU
		{7469C2C8-209A-4202-AEE9-E2B3F451BDD4}.Release|Any CPU.ActiveCfg = Release|Any CPU
		{7469C2C8-209A-4202-AEE9-E2B3F451BDD4}.Release|ARM.ActiveCfg = Release|Any CPU
		{7469C2C8-209A-4202-AEE9-E2B3F451BDD4}.Release|ARM.Build.0 = Release|Any CPU
		{7469C2C8-209A-4202-AEE9-E2B3F451BDD4}.Release|iPhone.ActiveCfg = Release|Any CPU
		{7469C2C8-209A-4202-AEE9-E2B3F451BDD4}.Release|iPhone.Build.0 = Release|Any CPU
		{7469C2C8-209A-4202-AEE9-E2B3F451BDD4}.Release|iPhoneSimulator.ActiveCfg = Release|Any CPU
		{7469C2C8-209A-4202-AEE9-E2B3F451BDD4}.Release|iPhoneSimulator.Build.0 = Release|Any CPU
		{7469C2C8-209A-4202-AEE9-E2B3F451BDD4}.Release|x64.ActiveCfg = Release|Any CPU
		{7469C2C8-209A-4202-AEE9-E2B3F451BDD4}.Release|x64.Build.0 = Release|Any CPU
		{7469C2C8-209A-4202-AEE9-E2B3F451BDD4}.Release|x86.ActiveCfg = Release|Any CPU
		{7469C2C8-209A-4202-AEE9-E2B3F451BDD4}.Release|x86.Build.0 = Release|Any CPU
		{12B95EC8-F026-40D6-994D-364022F785C0}.Debug|Any CPU.ActiveCfg = Debug|Any CPU
		{12B95EC8-F026-40D6-994D-364022F785C0}.Debug|Any CPU.Build.0 = Debug|Any CPU
		{12B95EC8-F026-40D6-994D-364022F785C0}.Debug|Any CPU.Deploy.0 = Debug|Any CPU
		{12B95EC8-F026-40D6-994D-364022F785C0}.Debug|ARM.ActiveCfg = Debug|Any CPU
		{12B95EC8-F026-40D6-994D-364022F785C0}.Debug|ARM.Build.0 = Debug|Any CPU
		{12B95EC8-F026-40D6-994D-364022F785C0}.Debug|iPhone.ActiveCfg = Debug|Any CPU
		{12B95EC8-F026-40D6-994D-364022F785C0}.Debug|iPhone.Build.0 = Debug|Any CPU
		{12B95EC8-F026-40D6-994D-364022F785C0}.Debug|iPhoneSimulator.ActiveCfg = Debug|Any CPU
		{12B95EC8-F026-40D6-994D-364022F785C0}.Debug|x64.ActiveCfg = Debug|Any CPU
		{12B95EC8-F026-40D6-994D-364022F785C0}.Debug|x64.Build.0 = Debug|Any CPU
		{12B95EC8-F026-40D6-994D-364022F785C0}.Debug|x86.ActiveCfg = Debug|Any CPU
		{12B95EC8-F026-40D6-994D-364022F785C0}.Debug|x86.Build.0 = Debug|Any CPU
		{12B95EC8-F026-40D6-994D-364022F785C0}.Release|Any CPU.ActiveCfg = Release|Any CPU
		{12B95EC8-F026-40D6-994D-364022F785C0}.Release|ARM.ActiveCfg = Release|Any CPU
		{12B95EC8-F026-40D6-994D-364022F785C0}.Release|ARM.Build.0 = Release|Any CPU
		{12B95EC8-F026-40D6-994D-364022F785C0}.Release|iPhone.ActiveCfg = Release|Any CPU
		{12B95EC8-F026-40D6-994D-364022F785C0}.Release|iPhone.Build.0 = Release|Any CPU
		{12B95EC8-F026-40D6-994D-364022F785C0}.Release|iPhoneSimulator.ActiveCfg = Release|Any CPU
		{12B95EC8-F026-40D6-994D-364022F785C0}.Release|iPhoneSimulator.Build.0 = Release|Any CPU
		{12B95EC8-F026-40D6-994D-364022F785C0}.Release|x64.ActiveCfg = Release|Any CPU
		{12B95EC8-F026-40D6-994D-364022F785C0}.Release|x64.Build.0 = Release|Any CPU
		{12B95EC8-F026-40D6-994D-364022F785C0}.Release|x86.ActiveCfg = Release|Any CPU
		{12B95EC8-F026-40D6-994D-364022F785C0}.Release|x86.Build.0 = Release|Any CPU
		{BC83287D-8247-4033-A946-B8C547A7F534}.Debug|Any CPU.ActiveCfg = Debug|x86
		{BC83287D-8247-4033-A946-B8C547A7F534}.Debug|Any CPU.Build.0 = Debug|x86
		{BC83287D-8247-4033-A946-B8C547A7F534}.Debug|Any CPU.Deploy.0 = Debug|x86
		{BC83287D-8247-4033-A946-B8C547A7F534}.Debug|ARM.ActiveCfg = Debug|ARM
		{BC83287D-8247-4033-A946-B8C547A7F534}.Debug|ARM.Build.0 = Debug|ARM
		{BC83287D-8247-4033-A946-B8C547A7F534}.Debug|iPhone.ActiveCfg = Debug|x86
		{BC83287D-8247-4033-A946-B8C547A7F534}.Debug|iPhone.Build.0 = Debug|x86
		{BC83287D-8247-4033-A946-B8C547A7F534}.Debug|iPhoneSimulator.ActiveCfg = Debug|x86
		{BC83287D-8247-4033-A946-B8C547A7F534}.Debug|x64.ActiveCfg = Debug|x64
		{BC83287D-8247-4033-A946-B8C547A7F534}.Debug|x64.Build.0 = Debug|x64
		{BC83287D-8247-4033-A946-B8C547A7F534}.Debug|x86.ActiveCfg = Debug|x86
		{BC83287D-8247-4033-A946-B8C547A7F534}.Debug|x86.Build.0 = Debug|x86
		{BC83287D-8247-4033-A946-B8C547A7F534}.Release|Any CPU.ActiveCfg = Release|x86
		{BC83287D-8247-4033-A946-B8C547A7F534}.Release|ARM.ActiveCfg = Release|ARM
		{BC83287D-8247-4033-A946-B8C547A7F534}.Release|ARM.Build.0 = Release|ARM
		{BC83287D-8247-4033-A946-B8C547A7F534}.Release|iPhone.ActiveCfg = Release|x86
		{BC83287D-8247-4033-A946-B8C547A7F534}.Release|iPhone.Build.0 = Release|x86
		{BC83287D-8247-4033-A946-B8C547A7F534}.Release|iPhoneSimulator.ActiveCfg = Release|x86
		{BC83287D-8247-4033-A946-B8C547A7F534}.Release|iPhoneSimulator.Build.0 = Release|x86
		{BC83287D-8247-4033-A946-B8C547A7F534}.Release|x64.ActiveCfg = Release|x64
		{BC83287D-8247-4033-A946-B8C547A7F534}.Release|x64.Build.0 = Release|x64
		{BC83287D-8247-4033-A946-B8C547A7F534}.Release|x86.ActiveCfg = Release|x86
		{BC83287D-8247-4033-A946-B8C547A7F534}.Release|x86.Build.0 = Release|x86
		{CF3DB967-2FB7-48D1-9A66-C0E70ABBF527}.Debug|Any CPU.ActiveCfg = Debug|x86
		{CF3DB967-2FB7-48D1-9A66-C0E70ABBF527}.Debug|Any CPU.Build.0 = Debug|x86
		{CF3DB967-2FB7-48D1-9A66-C0E70ABBF527}.Debug|ARM.ActiveCfg = Debug|ARM
		{CF3DB967-2FB7-48D1-9A66-C0E70ABBF527}.Debug|ARM.Build.0 = Debug|ARM
		{CF3DB967-2FB7-48D1-9A66-C0E70ABBF527}.Debug|iPhone.ActiveCfg = Debug|x86
		{CF3DB967-2FB7-48D1-9A66-C0E70ABBF527}.Debug|iPhone.Build.0 = Debug|x86
		{CF3DB967-2FB7-48D1-9A66-C0E70ABBF527}.Debug|iPhoneSimulator.ActiveCfg = Debug|x86
		{CF3DB967-2FB7-48D1-9A66-C0E70ABBF527}.Debug|iPhoneSimulator.Build.0 = Debug|x86
		{CF3DB967-2FB7-48D1-9A66-C0E70ABBF527}.Debug|x64.ActiveCfg = Debug|x64
		{CF3DB967-2FB7-48D1-9A66-C0E70ABBF527}.Debug|x64.Build.0 = Debug|x64
		{CF3DB967-2FB7-48D1-9A66-C0E70ABBF527}.Debug|x86.ActiveCfg = Debug|x86
		{CF3DB967-2FB7-48D1-9A66-C0E70ABBF527}.Debug|x86.Build.0 = Debug|x86
		{CF3DB967-2FB7-48D1-9A66-C0E70ABBF527}.Release|Any CPU.ActiveCfg = Release|x86
		{CF3DB967-2FB7-48D1-9A66-C0E70ABBF527}.Release|ARM.ActiveCfg = Release|ARM
		{CF3DB967-2FB7-48D1-9A66-C0E70ABBF527}.Release|ARM.Build.0 = Release|ARM
		{CF3DB967-2FB7-48D1-9A66-C0E70ABBF527}.Release|iPhone.ActiveCfg = Release|x86
		{CF3DB967-2FB7-48D1-9A66-C0E70ABBF527}.Release|iPhone.Build.0 = Release|x86
		{CF3DB967-2FB7-48D1-9A66-C0E70ABBF527}.Release|iPhoneSimulator.ActiveCfg = Release|x86
		{CF3DB967-2FB7-48D1-9A66-C0E70ABBF527}.Release|iPhoneSimulator.Build.0 = Release|x86
		{CF3DB967-2FB7-48D1-9A66-C0E70ABBF527}.Release|x64.ActiveCfg = Release|x64
		{CF3DB967-2FB7-48D1-9A66-C0E70ABBF527}.Release|x64.Build.0 = Release|x64
		{CF3DB967-2FB7-48D1-9A66-C0E70ABBF527}.Release|x86.ActiveCfg = Release|x86
		{CF3DB967-2FB7-48D1-9A66-C0E70ABBF527}.Release|x86.Build.0 = Release|x86
		{4921043C-6A1F-4663-B0CB-B43D0D61FDF2}.Debug|Any CPU.ActiveCfg = Debug|x86
		{4921043C-6A1F-4663-B0CB-B43D0D61FDF2}.Debug|ARM.ActiveCfg = Debug|ARM
		{4921043C-6A1F-4663-B0CB-B43D0D61FDF2}.Debug|ARM.Build.0 = Debug|ARM
		{4921043C-6A1F-4663-B0CB-B43D0D61FDF2}.Debug|ARM.Deploy.0 = Debug|ARM
		{4921043C-6A1F-4663-B0CB-B43D0D61FDF2}.Debug|iPhone.ActiveCfg = Debug|x86
		{4921043C-6A1F-4663-B0CB-B43D0D61FDF2}.Debug|iPhoneSimulator.ActiveCfg = Debug|x86
		{4921043C-6A1F-4663-B0CB-B43D0D61FDF2}.Debug|x64.ActiveCfg = Debug|x64
		{4921043C-6A1F-4663-B0CB-B43D0D61FDF2}.Debug|x64.Build.0 = Debug|x64
		{4921043C-6A1F-4663-B0CB-B43D0D61FDF2}.Debug|x64.Deploy.0 = Debug|x64
		{4921043C-6A1F-4663-B0CB-B43D0D61FDF2}.Debug|x86.ActiveCfg = Debug|x86
		{4921043C-6A1F-4663-B0CB-B43D0D61FDF2}.Debug|x86.Build.0 = Debug|x86
		{4921043C-6A1F-4663-B0CB-B43D0D61FDF2}.Debug|x86.Deploy.0 = Debug|x86
		{4921043C-6A1F-4663-B0CB-B43D0D61FDF2}.Release|Any CPU.ActiveCfg = Release|x86
		{4921043C-6A1F-4663-B0CB-B43D0D61FDF2}.Release|Any CPU.Build.0 = Release|x86
		{4921043C-6A1F-4663-B0CB-B43D0D61FDF2}.Release|ARM.ActiveCfg = Release|ARM
		{4921043C-6A1F-4663-B0CB-B43D0D61FDF2}.Release|ARM.Build.0 = Release|ARM
		{4921043C-6A1F-4663-B0CB-B43D0D61FDF2}.Release|ARM.Deploy.0 = Release|ARM
		{4921043C-6A1F-4663-B0CB-B43D0D61FDF2}.Release|iPhone.ActiveCfg = Release|x86
		{4921043C-6A1F-4663-B0CB-B43D0D61FDF2}.Release|iPhoneSimulator.ActiveCfg = Release|x86
		{4921043C-6A1F-4663-B0CB-B43D0D61FDF2}.Release|x64.ActiveCfg = Release|x64
		{4921043C-6A1F-4663-B0CB-B43D0D61FDF2}.Release|x64.Build.0 = Release|x64
		{4921043C-6A1F-4663-B0CB-B43D0D61FDF2}.Release|x64.Deploy.0 = Release|x64
		{4921043C-6A1F-4663-B0CB-B43D0D61FDF2}.Release|x86.ActiveCfg = Release|x86
		{4921043C-6A1F-4663-B0CB-B43D0D61FDF2}.Release|x86.Build.0 = Release|x86
		{4921043C-6A1F-4663-B0CB-B43D0D61FDF2}.Release|x86.Deploy.0 = Release|x86
		{57484D07-A3D9-4E99-8D97-688BFCE137D1}.Debug|Any CPU.ActiveCfg = Debug|Any CPU
		{57484D07-A3D9-4E99-8D97-688BFCE137D1}.Debug|Any CPU.Build.0 = Debug|Any CPU
		{57484D07-A3D9-4E99-8D97-688BFCE137D1}.Debug|ARM.ActiveCfg = Debug|Any CPU
		{57484D07-A3D9-4E99-8D97-688BFCE137D1}.Debug|ARM.Build.0 = Debug|Any CPU
		{57484D07-A3D9-4E99-8D97-688BFCE137D1}.Debug|iPhone.ActiveCfg = Debug|Any CPU
		{57484D07-A3D9-4E99-8D97-688BFCE137D1}.Debug|iPhone.Build.0 = Debug|Any CPU
		{57484D07-A3D9-4E99-8D97-688BFCE137D1}.Debug|iPhoneSimulator.ActiveCfg = Debug|Any CPU
		{57484D07-A3D9-4E99-8D97-688BFCE137D1}.Debug|iPhoneSimulator.Build.0 = Debug|Any CPU
		{57484D07-A3D9-4E99-8D97-688BFCE137D1}.Debug|x64.ActiveCfg = Debug|Any CPU
		{57484D07-A3D9-4E99-8D97-688BFCE137D1}.Debug|x64.Build.0 = Debug|Any CPU
		{57484D07-A3D9-4E99-8D97-688BFCE137D1}.Debug|x86.ActiveCfg = Debug|Any CPU
		{57484D07-A3D9-4E99-8D97-688BFCE137D1}.Debug|x86.Build.0 = Debug|Any CPU
		{57484D07-A3D9-4E99-8D97-688BFCE137D1}.Release|Any CPU.ActiveCfg = Release|Any CPU
		{57484D07-A3D9-4E99-8D97-688BFCE137D1}.Release|Any CPU.Build.0 = Release|Any CPU
		{57484D07-A3D9-4E99-8D97-688BFCE137D1}.Release|ARM.ActiveCfg = Release|Any CPU
		{57484D07-A3D9-4E99-8D97-688BFCE137D1}.Release|ARM.Build.0 = Release|Any CPU
		{57484D07-A3D9-4E99-8D97-688BFCE137D1}.Release|iPhone.ActiveCfg = Release|Any CPU
		{57484D07-A3D9-4E99-8D97-688BFCE137D1}.Release|iPhone.Build.0 = Release|Any CPU
		{57484D07-A3D9-4E99-8D97-688BFCE137D1}.Release|iPhoneSimulator.ActiveCfg = Release|Any CPU
		{57484D07-A3D9-4E99-8D97-688BFCE137D1}.Release|iPhoneSimulator.Build.0 = Release|Any CPU
		{57484D07-A3D9-4E99-8D97-688BFCE137D1}.Release|x64.ActiveCfg = Release|Any CPU
		{57484D07-A3D9-4E99-8D97-688BFCE137D1}.Release|x64.Build.0 = Release|Any CPU
		{57484D07-A3D9-4E99-8D97-688BFCE137D1}.Release|x86.ActiveCfg = Release|Any CPU
		{57484D07-A3D9-4E99-8D97-688BFCE137D1}.Release|x86.Build.0 = Release|Any CPU
		{74944B1F-AA30-4660-B489-500E3E440810}.Debug|Any CPU.ActiveCfg = Debug|iPhoneSimulator
		{74944B1F-AA30-4660-B489-500E3E440810}.Debug|Any CPU.Build.0 = Debug|iPhoneSimulator
		{74944B1F-AA30-4660-B489-500E3E440810}.Debug|ARM.ActiveCfg = Debug|iPhoneSimulator
		{74944B1F-AA30-4660-B489-500E3E440810}.Debug|ARM.Build.0 = Debug|iPhoneSimulator
		{74944B1F-AA30-4660-B489-500E3E440810}.Debug|iPhone.ActiveCfg = Debug|iPhone
		{74944B1F-AA30-4660-B489-500E3E440810}.Debug|iPhone.Build.0 = Debug|iPhone
		{74944B1F-AA30-4660-B489-500E3E440810}.Debug|iPhoneSimulator.ActiveCfg = Debug|iPhoneSimulator
		{74944B1F-AA30-4660-B489-500E3E440810}.Debug|iPhoneSimulator.Build.0 = Debug|iPhoneSimulator
		{74944B1F-AA30-4660-B489-500E3E440810}.Debug|x64.ActiveCfg = Debug|iPhoneSimulator
		{74944B1F-AA30-4660-B489-500E3E440810}.Debug|x64.Build.0 = Debug|iPhoneSimulator
		{74944B1F-AA30-4660-B489-500E3E440810}.Debug|x86.ActiveCfg = Debug|iPhoneSimulator
		{74944B1F-AA30-4660-B489-500E3E440810}.Debug|x86.Build.0 = Debug|iPhoneSimulator
		{74944B1F-AA30-4660-B489-500E3E440810}.Release|Any CPU.ActiveCfg = Release|iPhone
		{74944B1F-AA30-4660-B489-500E3E440810}.Release|ARM.ActiveCfg = Release|iPhone
		{74944B1F-AA30-4660-B489-500E3E440810}.Release|ARM.Build.0 = Release|iPhone
		{74944B1F-AA30-4660-B489-500E3E440810}.Release|iPhone.ActiveCfg = Release|iPhone
		{74944B1F-AA30-4660-B489-500E3E440810}.Release|iPhone.Build.0 = Release|iPhone
		{74944B1F-AA30-4660-B489-500E3E440810}.Release|iPhoneSimulator.ActiveCfg = Release|iPhoneSimulator
		{74944B1F-AA30-4660-B489-500E3E440810}.Release|iPhoneSimulator.Build.0 = Release|iPhoneSimulator
		{74944B1F-AA30-4660-B489-500E3E440810}.Release|x64.ActiveCfg = Release|iPhone
		{74944B1F-AA30-4660-B489-500E3E440810}.Release|x64.Build.0 = Release|iPhone
		{74944B1F-AA30-4660-B489-500E3E440810}.Release|x86.ActiveCfg = Release|iPhone
		{74944B1F-AA30-4660-B489-500E3E440810}.Release|x86.Build.0 = Release|iPhone
		{1DC9E82A-3D4D-469B-BEEE-BFBBD3BE6729}.Debug|Any CPU.ActiveCfg = Debug|Any CPU
		{1DC9E82A-3D4D-469B-BEEE-BFBBD3BE6729}.Debug|Any CPU.Build.0 = Debug|Any CPU
		{1DC9E82A-3D4D-469B-BEEE-BFBBD3BE6729}.Debug|ARM.ActiveCfg = Debug|Any CPU
		{1DC9E82A-3D4D-469B-BEEE-BFBBD3BE6729}.Debug|ARM.Build.0 = Debug|Any CPU
		{1DC9E82A-3D4D-469B-BEEE-BFBBD3BE6729}.Debug|iPhone.ActiveCfg = Debug|Any CPU
		{1DC9E82A-3D4D-469B-BEEE-BFBBD3BE6729}.Debug|iPhone.Build.0 = Debug|Any CPU
		{1DC9E82A-3D4D-469B-BEEE-BFBBD3BE6729}.Debug|iPhoneSimulator.ActiveCfg = Debug|Any CPU
		{1DC9E82A-3D4D-469B-BEEE-BFBBD3BE6729}.Debug|iPhoneSimulator.Build.0 = Debug|Any CPU
		{1DC9E82A-3D4D-469B-BEEE-BFBBD3BE6729}.Debug|x64.ActiveCfg = Debug|Any CPU
		{1DC9E82A-3D4D-469B-BEEE-BFBBD3BE6729}.Debug|x64.Build.0 = Debug|Any CPU
		{1DC9E82A-3D4D-469B-BEEE-BFBBD3BE6729}.Debug|x86.ActiveCfg = Debug|Any CPU
		{1DC9E82A-3D4D-469B-BEEE-BFBBD3BE6729}.Debug|x86.Build.0 = Debug|Any CPU
		{1DC9E82A-3D4D-469B-BEEE-BFBBD3BE6729}.Release|Any CPU.ActiveCfg = Release|Any CPU
		{1DC9E82A-3D4D-469B-BEEE-BFBBD3BE6729}.Release|ARM.ActiveCfg = Release|Any CPU
		{1DC9E82A-3D4D-469B-BEEE-BFBBD3BE6729}.Release|ARM.Build.0 = Release|Any CPU
		{1DC9E82A-3D4D-469B-BEEE-BFBBD3BE6729}.Release|iPhone.ActiveCfg = Release|Any CPU
		{1DC9E82A-3D4D-469B-BEEE-BFBBD3BE6729}.Release|iPhone.Build.0 = Release|Any CPU
		{1DC9E82A-3D4D-469B-BEEE-BFBBD3BE6729}.Release|iPhoneSimulator.ActiveCfg = Release|Any CPU
		{1DC9E82A-3D4D-469B-BEEE-BFBBD3BE6729}.Release|iPhoneSimulator.Build.0 = Release|Any CPU
		{1DC9E82A-3D4D-469B-BEEE-BFBBD3BE6729}.Release|x64.ActiveCfg = Release|Any CPU
		{1DC9E82A-3D4D-469B-BEEE-BFBBD3BE6729}.Release|x64.Build.0 = Release|Any CPU
		{1DC9E82A-3D4D-469B-BEEE-BFBBD3BE6729}.Release|x86.ActiveCfg = Release|Any CPU
		{1DC9E82A-3D4D-469B-BEEE-BFBBD3BE6729}.Release|x86.Build.0 = Release|Any CPU
		{97D4E86E-6A46-4EFC-B3D5-6E1514E92E49}.Debug|Any CPU.ActiveCfg = Debug|Any CPU
		{97D4E86E-6A46-4EFC-B3D5-6E1514E92E49}.Debug|Any CPU.Build.0 = Debug|Any CPU
		{97D4E86E-6A46-4EFC-B3D5-6E1514E92E49}.Debug|Any CPU.Deploy.0 = Debug|Any CPU
		{97D4E86E-6A46-4EFC-B3D5-6E1514E92E49}.Debug|ARM.ActiveCfg = Debug|Any CPU
		{97D4E86E-6A46-4EFC-B3D5-6E1514E92E49}.Debug|ARM.Build.0 = Debug|Any CPU
		{97D4E86E-6A46-4EFC-B3D5-6E1514E92E49}.Debug|iPhone.ActiveCfg = Debug|Any CPU
		{97D4E86E-6A46-4EFC-B3D5-6E1514E92E49}.Debug|iPhone.Build.0 = Debug|Any CPU
		{97D4E86E-6A46-4EFC-B3D5-6E1514E92E49}.Debug|iPhoneSimulator.ActiveCfg = Debug|Any CPU
		{97D4E86E-6A46-4EFC-B3D5-6E1514E92E49}.Debug|x64.ActiveCfg = Debug|Any CPU
		{97D4E86E-6A46-4EFC-B3D5-6E1514E92E49}.Debug|x64.Build.0 = Debug|Any CPU
		{97D4E86E-6A46-4EFC-B3D5-6E1514E92E49}.Debug|x86.ActiveCfg = Debug|Any CPU
		{97D4E86E-6A46-4EFC-B3D5-6E1514E92E49}.Debug|x86.Build.0 = Debug|Any CPU
		{97D4E86E-6A46-4EFC-B3D5-6E1514E92E49}.Release|Any CPU.ActiveCfg = Release|Any CPU
		{97D4E86E-6A46-4EFC-B3D5-6E1514E92E49}.Release|ARM.ActiveCfg = Release|Any CPU
		{97D4E86E-6A46-4EFC-B3D5-6E1514E92E49}.Release|ARM.Build.0 = Release|Any CPU
		{97D4E86E-6A46-4EFC-B3D5-6E1514E92E49}.Release|iPhone.ActiveCfg = Release|Any CPU
		{97D4E86E-6A46-4EFC-B3D5-6E1514E92E49}.Release|iPhone.Build.0 = Release|Any CPU
		{97D4E86E-6A46-4EFC-B3D5-6E1514E92E49}.Release|iPhoneSimulator.ActiveCfg = Release|Any CPU
		{97D4E86E-6A46-4EFC-B3D5-6E1514E92E49}.Release|iPhoneSimulator.Build.0 = Release|Any CPU
		{97D4E86E-6A46-4EFC-B3D5-6E1514E92E49}.Release|x64.ActiveCfg = Release|Any CPU
		{97D4E86E-6A46-4EFC-B3D5-6E1514E92E49}.Release|x64.Build.0 = Release|Any CPU
		{97D4E86E-6A46-4EFC-B3D5-6E1514E92E49}.Release|x86.ActiveCfg = Release|Any CPU
		{97D4E86E-6A46-4EFC-B3D5-6E1514E92E49}.Release|x86.Build.0 = Release|Any CPU
		{549E0CA8-3F26-49E6-8128-85DD5D43130A}.Debug|Any CPU.ActiveCfg = Debug|iPhoneSimulator
		{549E0CA8-3F26-49E6-8128-85DD5D43130A}.Debug|Any CPU.Build.0 = Debug|iPhoneSimulator
		{549E0CA8-3F26-49E6-8128-85DD5D43130A}.Debug|ARM.ActiveCfg = Debug|iPhoneSimulator
		{549E0CA8-3F26-49E6-8128-85DD5D43130A}.Debug|ARM.Build.0 = Debug|iPhoneSimulator
		{549E0CA8-3F26-49E6-8128-85DD5D43130A}.Debug|iPhone.ActiveCfg = Debug|iPhone
		{549E0CA8-3F26-49E6-8128-85DD5D43130A}.Debug|iPhone.Build.0 = Debug|iPhone
		{549E0CA8-3F26-49E6-8128-85DD5D43130A}.Debug|iPhoneSimulator.ActiveCfg = Debug|iPhoneSimulator
		{549E0CA8-3F26-49E6-8128-85DD5D43130A}.Debug|iPhoneSimulator.Build.0 = Debug|iPhoneSimulator
		{549E0CA8-3F26-49E6-8128-85DD5D43130A}.Debug|x64.ActiveCfg = Debug|iPhoneSimulator
		{549E0CA8-3F26-49E6-8128-85DD5D43130A}.Debug|x64.Build.0 = Debug|iPhoneSimulator
		{549E0CA8-3F26-49E6-8128-85DD5D43130A}.Debug|x86.ActiveCfg = Debug|iPhoneSimulator
		{549E0CA8-3F26-49E6-8128-85DD5D43130A}.Debug|x86.Build.0 = Debug|iPhoneSimulator
		{549E0CA8-3F26-49E6-8128-85DD5D43130A}.Release|Any CPU.ActiveCfg = Release|iPhone
		{549E0CA8-3F26-49E6-8128-85DD5D43130A}.Release|ARM.ActiveCfg = Release|iPhone
		{549E0CA8-3F26-49E6-8128-85DD5D43130A}.Release|ARM.Build.0 = Release|iPhone
		{549E0CA8-3F26-49E6-8128-85DD5D43130A}.Release|iPhone.ActiveCfg = Release|iPhone
		{549E0CA8-3F26-49E6-8128-85DD5D43130A}.Release|iPhone.Build.0 = Release|iPhone
		{549E0CA8-3F26-49E6-8128-85DD5D43130A}.Release|iPhoneSimulator.ActiveCfg = Release|iPhoneSimulator
		{549E0CA8-3F26-49E6-8128-85DD5D43130A}.Release|iPhoneSimulator.Build.0 = Release|iPhoneSimulator
		{549E0CA8-3F26-49E6-8128-85DD5D43130A}.Release|x64.ActiveCfg = Release|iPhone
		{549E0CA8-3F26-49E6-8128-85DD5D43130A}.Release|x64.Build.0 = Release|iPhone
		{549E0CA8-3F26-49E6-8128-85DD5D43130A}.Release|x86.ActiveCfg = Release|iPhone
		{549E0CA8-3F26-49E6-8128-85DD5D43130A}.Release|x86.Build.0 = Release|iPhone
		{9A89C534-4D17-4FD1-917F-A567DB4415BE}.Debug|Any CPU.ActiveCfg = Debug|Any CPU
		{9A89C534-4D17-4FD1-917F-A567DB4415BE}.Debug|Any CPU.Build.0 = Debug|Any CPU
		{9A89C534-4D17-4FD1-917F-A567DB4415BE}.Debug|ARM.ActiveCfg = Debug|Any CPU
		{9A89C534-4D17-4FD1-917F-A567DB4415BE}.Debug|ARM.Build.0 = Debug|Any CPU
		{9A89C534-4D17-4FD1-917F-A567DB4415BE}.Debug|iPhone.ActiveCfg = Debug|Any CPU
		{9A89C534-4D17-4FD1-917F-A567DB4415BE}.Debug|iPhone.Build.0 = Debug|Any CPU
		{9A89C534-4D17-4FD1-917F-A567DB4415BE}.Debug|iPhoneSimulator.ActiveCfg = Debug|Any CPU
		{9A89C534-4D17-4FD1-917F-A567DB4415BE}.Debug|iPhoneSimulator.Build.0 = Debug|Any CPU
		{9A89C534-4D17-4FD1-917F-A567DB4415BE}.Debug|x64.ActiveCfg = Debug|Any CPU
		{9A89C534-4D17-4FD1-917F-A567DB4415BE}.Debug|x64.Build.0 = Debug|Any CPU
		{9A89C534-4D17-4FD1-917F-A567DB4415BE}.Debug|x86.ActiveCfg = Debug|Any CPU
		{9A89C534-4D17-4FD1-917F-A567DB4415BE}.Debug|x86.Build.0 = Debug|Any CPU
		{9A89C534-4D17-4FD1-917F-A567DB4415BE}.Release|Any CPU.ActiveCfg = Release|Any CPU
		{9A89C534-4D17-4FD1-917F-A567DB4415BE}.Release|ARM.ActiveCfg = Release|Any CPU
		{9A89C534-4D17-4FD1-917F-A567DB4415BE}.Release|ARM.Build.0 = Release|Any CPU
		{9A89C534-4D17-4FD1-917F-A567DB4415BE}.Release|iPhone.ActiveCfg = Release|Any CPU
		{9A89C534-4D17-4FD1-917F-A567DB4415BE}.Release|iPhone.Build.0 = Release|Any CPU
		{9A89C534-4D17-4FD1-917F-A567DB4415BE}.Release|iPhoneSimulator.ActiveCfg = Release|Any CPU
		{9A89C534-4D17-4FD1-917F-A567DB4415BE}.Release|iPhoneSimulator.Build.0 = Release|Any CPU
		{9A89C534-4D17-4FD1-917F-A567DB4415BE}.Release|x64.ActiveCfg = Release|Any CPU
		{9A89C534-4D17-4FD1-917F-A567DB4415BE}.Release|x64.Build.0 = Release|Any CPU
		{9A89C534-4D17-4FD1-917F-A567DB4415BE}.Release|x86.ActiveCfg = Release|Any CPU
		{9A89C534-4D17-4FD1-917F-A567DB4415BE}.Release|x86.Build.0 = Release|Any CPU
		{965B97B0-66D2-436B-B586-1BF8E9E68691}.Debug|Any CPU.ActiveCfg = Debug|Any CPU
		{965B97B0-66D2-436B-B586-1BF8E9E68691}.Debug|Any CPU.Build.0 = Debug|Any CPU
		{965B97B0-66D2-436B-B586-1BF8E9E68691}.Debug|ARM.ActiveCfg = Debug|Any CPU
		{965B97B0-66D2-436B-B586-1BF8E9E68691}.Debug|ARM.Build.0 = Debug|Any CPU
		{965B97B0-66D2-436B-B586-1BF8E9E68691}.Debug|iPhone.ActiveCfg = Debug|Any CPU
		{965B97B0-66D2-436B-B586-1BF8E9E68691}.Debug|iPhone.Build.0 = Debug|Any CPU
		{965B97B0-66D2-436B-B586-1BF8E9E68691}.Debug|iPhoneSimulator.ActiveCfg = Debug|Any CPU
		{965B97B0-66D2-436B-B586-1BF8E9E68691}.Debug|iPhoneSimulator.Build.0 = Debug|Any CPU
		{965B97B0-66D2-436B-B586-1BF8E9E68691}.Debug|x64.ActiveCfg = Debug|Any CPU
		{965B97B0-66D2-436B-B586-1BF8E9E68691}.Debug|x64.Build.0 = Debug|Any CPU
		{965B97B0-66D2-436B-B586-1BF8E9E68691}.Debug|x86.ActiveCfg = Debug|Any CPU
		{965B97B0-66D2-436B-B586-1BF8E9E68691}.Debug|x86.Build.0 = Debug|Any CPU
		{965B97B0-66D2-436B-B586-1BF8E9E68691}.Release|Any CPU.ActiveCfg = Release|Any CPU
		{965B97B0-66D2-436B-B586-1BF8E9E68691}.Release|ARM.ActiveCfg = Release|Any CPU
		{965B97B0-66D2-436B-B586-1BF8E9E68691}.Release|ARM.Build.0 = Release|Any CPU
		{965B97B0-66D2-436B-B586-1BF8E9E68691}.Release|iPhone.ActiveCfg = Release|Any CPU
		{965B97B0-66D2-436B-B586-1BF8E9E68691}.Release|iPhone.Build.0 = Release|Any CPU
		{965B97B0-66D2-436B-B586-1BF8E9E68691}.Release|iPhoneSimulator.ActiveCfg = Release|Any CPU
		{965B97B0-66D2-436B-B586-1BF8E9E68691}.Release|iPhoneSimulator.Build.0 = Release|Any CPU
		{965B97B0-66D2-436B-B586-1BF8E9E68691}.Release|x64.ActiveCfg = Release|Any CPU
		{965B97B0-66D2-436B-B586-1BF8E9E68691}.Release|x64.Build.0 = Release|Any CPU
		{965B97B0-66D2-436B-B586-1BF8E9E68691}.Release|x86.ActiveCfg = Release|Any CPU
		{965B97B0-66D2-436B-B586-1BF8E9E68691}.Release|x86.Build.0 = Release|Any CPU
		{B20621BB-50D2-420E-84A0-AF5A178DDF0F}.Debug|Any CPU.ActiveCfg = Debug|iPhoneSimulator
		{B20621BB-50D2-420E-84A0-AF5A178DDF0F}.Debug|Any CPU.Build.0 = Debug|iPhoneSimulator
		{B20621BB-50D2-420E-84A0-AF5A178DDF0F}.Debug|ARM.ActiveCfg = Debug|iPhoneSimulator
		{B20621BB-50D2-420E-84A0-AF5A178DDF0F}.Debug|ARM.Build.0 = Debug|iPhoneSimulator
		{B20621BB-50D2-420E-84A0-AF5A178DDF0F}.Debug|iPhone.ActiveCfg = Debug|iPhone
		{B20621BB-50D2-420E-84A0-AF5A178DDF0F}.Debug|iPhone.Build.0 = Debug|iPhone
		{B20621BB-50D2-420E-84A0-AF5A178DDF0F}.Debug|iPhoneSimulator.ActiveCfg = Debug|iPhoneSimulator
		{B20621BB-50D2-420E-84A0-AF5A178DDF0F}.Debug|iPhoneSimulator.Build.0 = Debug|iPhoneSimulator
		{B20621BB-50D2-420E-84A0-AF5A178DDF0F}.Debug|x64.ActiveCfg = Debug|iPhoneSimulator
		{B20621BB-50D2-420E-84A0-AF5A178DDF0F}.Debug|x64.Build.0 = Debug|iPhoneSimulator
		{B20621BB-50D2-420E-84A0-AF5A178DDF0F}.Debug|x86.ActiveCfg = Debug|iPhoneSimulator
		{B20621BB-50D2-420E-84A0-AF5A178DDF0F}.Debug|x86.Build.0 = Debug|iPhoneSimulator
		{B20621BB-50D2-420E-84A0-AF5A178DDF0F}.Release|Any CPU.ActiveCfg = Release|iPhone
		{B20621BB-50D2-420E-84A0-AF5A178DDF0F}.Release|ARM.ActiveCfg = Release|iPhone
		{B20621BB-50D2-420E-84A0-AF5A178DDF0F}.Release|ARM.Build.0 = Release|iPhone
		{B20621BB-50D2-420E-84A0-AF5A178DDF0F}.Release|iPhone.ActiveCfg = Release|iPhone
		{B20621BB-50D2-420E-84A0-AF5A178DDF0F}.Release|iPhone.Build.0 = Release|iPhone
		{B20621BB-50D2-420E-84A0-AF5A178DDF0F}.Release|iPhoneSimulator.ActiveCfg = Release|iPhoneSimulator
		{B20621BB-50D2-420E-84A0-AF5A178DDF0F}.Release|iPhoneSimulator.Build.0 = Release|iPhoneSimulator
		{B20621BB-50D2-420E-84A0-AF5A178DDF0F}.Release|x64.ActiveCfg = Release|iPhone
		{B20621BB-50D2-420E-84A0-AF5A178DDF0F}.Release|x64.Build.0 = Release|iPhone
		{B20621BB-50D2-420E-84A0-AF5A178DDF0F}.Release|x86.ActiveCfg = Release|iPhone
		{B20621BB-50D2-420E-84A0-AF5A178DDF0F}.Release|x86.Build.0 = Release|iPhone
		{5BE9DFD8-7F1D-4926-A203-BF664722CDEA}.Debug|Any CPU.ActiveCfg = Debug|iPhoneSimulator
		{5BE9DFD8-7F1D-4926-A203-BF664722CDEA}.Debug|Any CPU.Build.0 = Debug|iPhoneSimulator
		{5BE9DFD8-7F1D-4926-A203-BF664722CDEA}.Debug|ARM.ActiveCfg = Debug|iPhoneSimulator
		{5BE9DFD8-7F1D-4926-A203-BF664722CDEA}.Debug|ARM.Build.0 = Debug|iPhoneSimulator
		{5BE9DFD8-7F1D-4926-A203-BF664722CDEA}.Debug|iPhone.ActiveCfg = Debug|iPhone
		{5BE9DFD8-7F1D-4926-A203-BF664722CDEA}.Debug|iPhone.Build.0 = Debug|iPhone
		{5BE9DFD8-7F1D-4926-A203-BF664722CDEA}.Debug|iPhoneSimulator.ActiveCfg = Debug|iPhoneSimulator
		{5BE9DFD8-7F1D-4926-A203-BF664722CDEA}.Debug|iPhoneSimulator.Build.0 = Debug|iPhoneSimulator
		{5BE9DFD8-7F1D-4926-A203-BF664722CDEA}.Debug|x64.ActiveCfg = Debug|iPhoneSimulator
		{5BE9DFD8-7F1D-4926-A203-BF664722CDEA}.Debug|x64.Build.0 = Debug|iPhoneSimulator
		{5BE9DFD8-7F1D-4926-A203-BF664722CDEA}.Debug|x86.ActiveCfg = Debug|iPhoneSimulator
		{5BE9DFD8-7F1D-4926-A203-BF664722CDEA}.Debug|x86.Build.0 = Debug|iPhoneSimulator
		{5BE9DFD8-7F1D-4926-A203-BF664722CDEA}.Release|Any CPU.ActiveCfg = Release|iPhone
		{5BE9DFD8-7F1D-4926-A203-BF664722CDEA}.Release|ARM.ActiveCfg = Release|iPhone
		{5BE9DFD8-7F1D-4926-A203-BF664722CDEA}.Release|ARM.Build.0 = Release|iPhone
		{5BE9DFD8-7F1D-4926-A203-BF664722CDEA}.Release|iPhone.ActiveCfg = Release|iPhone
		{5BE9DFD8-7F1D-4926-A203-BF664722CDEA}.Release|iPhone.Build.0 = Release|iPhone
		{5BE9DFD8-7F1D-4926-A203-BF664722CDEA}.Release|iPhoneSimulator.ActiveCfg = Release|iPhoneSimulator
		{5BE9DFD8-7F1D-4926-A203-BF664722CDEA}.Release|iPhoneSimulator.Build.0 = Release|iPhoneSimulator
		{5BE9DFD8-7F1D-4926-A203-BF664722CDEA}.Release|x64.ActiveCfg = Release|iPhone
		{5BE9DFD8-7F1D-4926-A203-BF664722CDEA}.Release|x64.Build.0 = Release|iPhone
		{5BE9DFD8-7F1D-4926-A203-BF664722CDEA}.Release|x86.ActiveCfg = Release|iPhone
		{5BE9DFD8-7F1D-4926-A203-BF664722CDEA}.Release|x86.Build.0 = Release|iPhone
		{7AC7398E-1986-4C16-844D-068045635B47}.Debug|Any CPU.ActiveCfg = Debug|x86
		{7AC7398E-1986-4C16-844D-068045635B47}.Debug|Any CPU.Build.0 = Debug|x86
		{7AC7398E-1986-4C16-844D-068045635B47}.Debug|ARM.ActiveCfg = Debug|ARM
		{7AC7398E-1986-4C16-844D-068045635B47}.Debug|ARM.Build.0 = Debug|ARM
		{7AC7398E-1986-4C16-844D-068045635B47}.Debug|iPhone.ActiveCfg = Debug|x86
		{7AC7398E-1986-4C16-844D-068045635B47}.Debug|iPhone.Build.0 = Debug|x86
		{7AC7398E-1986-4C16-844D-068045635B47}.Debug|iPhoneSimulator.ActiveCfg = Debug|x86
		{7AC7398E-1986-4C16-844D-068045635B47}.Debug|iPhoneSimulator.Build.0 = Debug|x86
		{7AC7398E-1986-4C16-844D-068045635B47}.Debug|x64.ActiveCfg = Debug|x64
		{7AC7398E-1986-4C16-844D-068045635B47}.Debug|x64.Build.0 = Debug|x64
		{7AC7398E-1986-4C16-844D-068045635B47}.Debug|x86.ActiveCfg = Debug|x86
		{7AC7398E-1986-4C16-844D-068045635B47}.Debug|x86.Build.0 = Debug|x86
		{7AC7398E-1986-4C16-844D-068045635B47}.Release|Any CPU.ActiveCfg = Release|x86
		{7AC7398E-1986-4C16-844D-068045635B47}.Release|ARM.ActiveCfg = Release|ARM
		{7AC7398E-1986-4C16-844D-068045635B47}.Release|ARM.Build.0 = Release|ARM
		{7AC7398E-1986-4C16-844D-068045635B47}.Release|iPhone.ActiveCfg = Release|x86
		{7AC7398E-1986-4C16-844D-068045635B47}.Release|iPhone.Build.0 = Release|x86
		{7AC7398E-1986-4C16-844D-068045635B47}.Release|iPhoneSimulator.ActiveCfg = Release|x86
		{7AC7398E-1986-4C16-844D-068045635B47}.Release|iPhoneSimulator.Build.0 = Release|x86
		{7AC7398E-1986-4C16-844D-068045635B47}.Release|x64.ActiveCfg = Release|x64
		{7AC7398E-1986-4C16-844D-068045635B47}.Release|x64.Build.0 = Release|x64
		{7AC7398E-1986-4C16-844D-068045635B47}.Release|x86.ActiveCfg = Release|x86
		{7AC7398E-1986-4C16-844D-068045635B47}.Release|x86.Build.0 = Release|x86
		{6E311AEE-A321-4016-A441-028B6073881A}.Debug|Any CPU.ActiveCfg = Debug|Any CPU
		{6E311AEE-A321-4016-A441-028B6073881A}.Debug|Any CPU.Build.0 = Debug|Any CPU
		{6E311AEE-A321-4016-A441-028B6073881A}.Debug|ARM.ActiveCfg = Debug|Any CPU
		{6E311AEE-A321-4016-A441-028B6073881A}.Debug|ARM.Build.0 = Debug|Any CPU
		{6E311AEE-A321-4016-A441-028B6073881A}.Debug|iPhone.ActiveCfg = Debug|Any CPU
		{6E311AEE-A321-4016-A441-028B6073881A}.Debug|iPhone.Build.0 = Debug|Any CPU
		{6E311AEE-A321-4016-A441-028B6073881A}.Debug|iPhoneSimulator.ActiveCfg = Debug|Any CPU
		{6E311AEE-A321-4016-A441-028B6073881A}.Debug|iPhoneSimulator.Build.0 = Debug|Any CPU
		{6E311AEE-A321-4016-A441-028B6073881A}.Debug|x64.ActiveCfg = Debug|Any CPU
		{6E311AEE-A321-4016-A441-028B6073881A}.Debug|x64.Build.0 = Debug|Any CPU
		{6E311AEE-A321-4016-A441-028B6073881A}.Debug|x86.ActiveCfg = Debug|Any CPU
		{6E311AEE-A321-4016-A441-028B6073881A}.Debug|x86.Build.0 = Debug|Any CPU
		{6E311AEE-A321-4016-A441-028B6073881A}.Release|Any CPU.ActiveCfg = Release|Any CPU
		{6E311AEE-A321-4016-A441-028B6073881A}.Release|ARM.ActiveCfg = Release|Any CPU
		{6E311AEE-A321-4016-A441-028B6073881A}.Release|ARM.Build.0 = Release|Any CPU
		{6E311AEE-A321-4016-A441-028B6073881A}.Release|iPhone.ActiveCfg = Release|Any CPU
		{6E311AEE-A321-4016-A441-028B6073881A}.Release|iPhone.Build.0 = Release|Any CPU
		{6E311AEE-A321-4016-A441-028B6073881A}.Release|iPhoneSimulator.ActiveCfg = Release|Any CPU
		{6E311AEE-A321-4016-A441-028B6073881A}.Release|iPhoneSimulator.Build.0 = Release|Any CPU
		{6E311AEE-A321-4016-A441-028B6073881A}.Release|x64.ActiveCfg = Release|Any CPU
		{6E311AEE-A321-4016-A441-028B6073881A}.Release|x64.Build.0 = Release|Any CPU
		{6E311AEE-A321-4016-A441-028B6073881A}.Release|x86.ActiveCfg = Release|Any CPU
		{6E311AEE-A321-4016-A441-028B6073881A}.Release|x86.Build.0 = Release|Any CPU
		{A6067422-A188-4272-8808-C8220B67E354}.Debug|Any CPU.ActiveCfg = Debug|iPhoneSimulator
		{A6067422-A188-4272-8808-C8220B67E354}.Debug|Any CPU.Build.0 = Debug|iPhoneSimulator
		{A6067422-A188-4272-8808-C8220B67E354}.Debug|ARM.ActiveCfg = Debug|iPhoneSimulator
		{A6067422-A188-4272-8808-C8220B67E354}.Debug|ARM.Build.0 = Debug|iPhoneSimulator
		{A6067422-A188-4272-8808-C8220B67E354}.Debug|iPhone.ActiveCfg = Debug|iPhone
		{A6067422-A188-4272-8808-C8220B67E354}.Debug|iPhone.Build.0 = Debug|iPhone
		{A6067422-A188-4272-8808-C8220B67E354}.Debug|iPhoneSimulator.ActiveCfg = Debug|iPhoneSimulator
		{A6067422-A188-4272-8808-C8220B67E354}.Debug|iPhoneSimulator.Build.0 = Debug|iPhoneSimulator
		{A6067422-A188-4272-8808-C8220B67E354}.Debug|x64.ActiveCfg = Debug|iPhoneSimulator
		{A6067422-A188-4272-8808-C8220B67E354}.Debug|x64.Build.0 = Debug|iPhoneSimulator
		{A6067422-A188-4272-8808-C8220B67E354}.Debug|x86.ActiveCfg = Debug|iPhoneSimulator
		{A6067422-A188-4272-8808-C8220B67E354}.Debug|x86.Build.0 = Debug|iPhoneSimulator
		{A6067422-A188-4272-8808-C8220B67E354}.Release|Any CPU.ActiveCfg = Release|iPhone
		{A6067422-A188-4272-8808-C8220B67E354}.Release|ARM.ActiveCfg = Release|iPhone
		{A6067422-A188-4272-8808-C8220B67E354}.Release|ARM.Build.0 = Release|iPhone
		{A6067422-A188-4272-8808-C8220B67E354}.Release|iPhone.ActiveCfg = Release|iPhone
		{A6067422-A188-4272-8808-C8220B67E354}.Release|iPhone.Build.0 = Release|iPhone
		{A6067422-A188-4272-8808-C8220B67E354}.Release|iPhoneSimulator.ActiveCfg = Release|iPhoneSimulator
		{A6067422-A188-4272-8808-C8220B67E354}.Release|iPhoneSimulator.Build.0 = Release|iPhoneSimulator
		{A6067422-A188-4272-8808-C8220B67E354}.Release|x64.ActiveCfg = Release|iPhone
		{A6067422-A188-4272-8808-C8220B67E354}.Release|x64.Build.0 = Release|iPhone
		{A6067422-A188-4272-8808-C8220B67E354}.Release|x86.ActiveCfg = Release|iPhone
		{A6067422-A188-4272-8808-C8220B67E354}.Release|x86.Build.0 = Release|iPhone
		{1655CC44-B79E-4ED2-BCA2-96731CE7582C}.Debug|Any CPU.ActiveCfg = Debug|Any CPU
		{1655CC44-B79E-4ED2-BCA2-96731CE7582C}.Debug|Any CPU.Build.0 = Debug|Any CPU
		{1655CC44-B79E-4ED2-BCA2-96731CE7582C}.Debug|ARM.ActiveCfg = Debug|Any CPU
		{1655CC44-B79E-4ED2-BCA2-96731CE7582C}.Debug|ARM.Build.0 = Debug|Any CPU
		{1655CC44-B79E-4ED2-BCA2-96731CE7582C}.Debug|iPhone.ActiveCfg = Debug|Any CPU
		{1655CC44-B79E-4ED2-BCA2-96731CE7582C}.Debug|iPhone.Build.0 = Debug|Any CPU
		{1655CC44-B79E-4ED2-BCA2-96731CE7582C}.Debug|iPhoneSimulator.ActiveCfg = Debug|Any CPU
		{1655CC44-B79E-4ED2-BCA2-96731CE7582C}.Debug|x64.ActiveCfg = Debug|Any CPU
		{1655CC44-B79E-4ED2-BCA2-96731CE7582C}.Debug|x64.Build.0 = Debug|Any CPU
		{1655CC44-B79E-4ED2-BCA2-96731CE7582C}.Debug|x86.ActiveCfg = Debug|Any CPU
		{1655CC44-B79E-4ED2-BCA2-96731CE7582C}.Debug|x86.Build.0 = Debug|Any CPU
		{1655CC44-B79E-4ED2-BCA2-96731CE7582C}.Release|Any CPU.ActiveCfg = Release|Any CPU
		{1655CC44-B79E-4ED2-BCA2-96731CE7582C}.Release|Any CPU.Build.0 = Release|Any CPU
		{1655CC44-B79E-4ED2-BCA2-96731CE7582C}.Release|ARM.ActiveCfg = Release|Any CPU
		{1655CC44-B79E-4ED2-BCA2-96731CE7582C}.Release|ARM.Build.0 = Release|Any CPU
		{1655CC44-B79E-4ED2-BCA2-96731CE7582C}.Release|iPhone.ActiveCfg = Release|Any CPU
		{1655CC44-B79E-4ED2-BCA2-96731CE7582C}.Release|iPhone.Build.0 = Release|Any CPU
		{1655CC44-B79E-4ED2-BCA2-96731CE7582C}.Release|iPhoneSimulator.ActiveCfg = Release|Any CPU
		{1655CC44-B79E-4ED2-BCA2-96731CE7582C}.Release|iPhoneSimulator.Build.0 = Release|Any CPU
		{1655CC44-B79E-4ED2-BCA2-96731CE7582C}.Release|x64.ActiveCfg = Release|Any CPU
		{1655CC44-B79E-4ED2-BCA2-96731CE7582C}.Release|x64.Build.0 = Release|Any CPU
		{1655CC44-B79E-4ED2-BCA2-96731CE7582C}.Release|x86.ActiveCfg = Release|Any CPU
		{1655CC44-B79E-4ED2-BCA2-96731CE7582C}.Release|x86.Build.0 = Release|Any CPU
	EndGlobalSection
	GlobalSection(SolutionProperties) = preSolution
		HideSolutionNode = FALSE
	EndGlobalSection
	GlobalSection(NestedProjects) = preSolution
		{06EF2F1F-8A8E-47D6-9FC8-BBC521783F13} = {D603F379-90E7-46B0-9827-306B51D82F9D}
		{DB2BAFBA-2A85-4E9B-8E9D-0A607A661E84} = {D603F379-90E7-46B0-9827-306B51D82F9D}
		{67F9D3A8-F71E-4428-913F-C37AE82CDB24} = {4D6DBE82-C4E6-4FFB-9D1F-4AE23CF42435}
		{C8566A9E-FB6B-4459-AC87-5DB16D221D29} = {4D6DBE82-C4E6-4FFB-9D1F-4AE23CF42435}
		{586D5119-52D8-40B1-9BB5-CC7FDB033B86} = {4D6DBE82-C4E6-4FFB-9D1F-4AE23CF42435}
		{2230DCD0-118B-4021-B0B2-71CE00111D5E} = {4D6DBE82-C4E6-4FFB-9D1F-4AE23CF42435}
		{86F4D7EF-0D08-4967-AD8D-75E476E87EB8} = {E30B6663-E909-40F4-AE0B-6A8D08BCA39F}
		{7469C2C8-209A-4202-AEE9-E2B3F451BDD4} = {86F4D7EF-0D08-4967-AD8D-75E476E87EB8}
		{12B95EC8-F026-40D6-994D-364022F785C0} = {86F4D7EF-0D08-4967-AD8D-75E476E87EB8}
		{FD4A1000-6540-4A1D-BE65-40249DE24BFE} = {E30B6663-E909-40F4-AE0B-6A8D08BCA39F}
		{BC83287D-8247-4033-A946-B8C547A7F534} = {FD4A1000-6540-4A1D-BE65-40249DE24BFE}
		{CF5E83A2-37C7-4E6F-9300-1C1EFD5B6FB4} = {E30B6663-E909-40F4-AE0B-6A8D08BCA39F}
		{CF3DB967-2FB7-48D1-9A66-C0E70ABBF527} = {86F4D7EF-0D08-4967-AD8D-75E476E87EB8}
		{A77E4FD3-2812-4330-BC52-B82C885CE0F5} = {E30B6663-E909-40F4-AE0B-6A8D08BCA39F}
		{74944B1F-AA30-4660-B489-500E3E440810} = {86F4D7EF-0D08-4967-AD8D-75E476E87EB8}
		{1DC9E82A-3D4D-469B-BEEE-BFBBD3BE6729} = {FD4A1000-6540-4A1D-BE65-40249DE24BFE}
		{97D4E86E-6A46-4EFC-B3D5-6E1514E92E49} = {FD4A1000-6540-4A1D-BE65-40249DE24BFE}
		{549E0CA8-3F26-49E6-8128-85DD5D43130A} = {FD4A1000-6540-4A1D-BE65-40249DE24BFE}
		{9A89C534-4D17-4FD1-917F-A567DB4415BE} = {CF5E83A2-37C7-4E6F-9300-1C1EFD5B6FB4}
		{965B97B0-66D2-436B-B586-1BF8E9E68691} = {CF5E83A2-37C7-4E6F-9300-1C1EFD5B6FB4}
		{B20621BB-50D2-420E-84A0-AF5A178DDF0F} = {CF5E83A2-37C7-4E6F-9300-1C1EFD5B6FB4}
		{5BE9DFD8-7F1D-4926-A203-BF664722CDEA} = {CF5E83A2-37C7-4E6F-9300-1C1EFD5B6FB4}
		{7AC7398E-1986-4C16-844D-068045635B47} = {CF5E83A2-37C7-4E6F-9300-1C1EFD5B6FB4}
		{6E311AEE-A321-4016-A441-028B6073881A} = {CF5E83A2-37C7-4E6F-9300-1C1EFD5B6FB4}
		{A6067422-A188-4272-8808-C8220B67E354} = {A77E4FD3-2812-4330-BC52-B82C885CE0F5}
	EndGlobalSection
	GlobalSection(ExtensibilityGlobals) = postSolution
		SolutionGuid = {10FF4553-AD46-49FF-9BFA-C4088CCAC2DE}
	EndGlobalSection
	GlobalSection(MonoDevelopProperties) = preSolution
		Policies = $0
		$0.TextStylePolicy = $1
		$1.scope = text/plain
		$1.TabsToSpaces = True
	EndGlobalSection
EndGlobal
