
Microsoft Visual Studio Solution File, Format Version 12.00
# Visual Studio 15
VisualStudioVersion = 15.0.27130.2036
MinimumVisualStudioVersion = 10.0.40219.1
Project("{2150E333-8FDC-42A3-9474-1A3956D46DE8}") = "Samples", "Samples", "{E30B6663-E909-40F4-AE0B-6A8D08BCA39F}"
	ProjectSection(SolutionItems) = preProject
		Samples\Directory.build.props = Samples\Directory.build.props
		Samples\Directory.build.targets = Samples\Directory.build.targets
	EndProjectSection
EndProject
Project("{9A19103F-16F7-4668-BE54-9A1E7A4F7556}") = "MediaManager.Reactive", "MediaManager.Reactive\MediaManager.Reactive.csproj", "{DB2BAFBA-2A85-4E9B-8E9D-0A607A661E84}"
EndProject
Project("{FAE04EC0-301F-11D3-BF4B-00C04F79EFBC}") = "MediaManager.Uwp.Tests", "MediaManager.UWP.Tests\MediaManager.Uwp.Tests.csproj", "{4921043C-6A1F-4663-B0CB-B43D0D61FDF2}"
EndProject
Project("{9A19103F-16F7-4668-BE54-9A1E7A4F7556}") = "MediaManager", "MediaManager\MediaManager.csproj", "{57484D07-A3D9-4E99-8D97-688BFCE137D1}"
EndProject
Project("{2150E333-8FDC-42A3-9474-1A3956D46DE8}") = "SolutionItems", "SolutionItems", "{578FA301-8828-47CE-A4E8-2FA05254F04C}"
	ProjectSection(SolutionItems) = preProject
		build.cake = build.cake
		Directory.build.props = Directory.build.props
		Directory.build.targets = Directory.build.targets
	EndProjectSection
EndProject
Project("{9A19103F-16F7-4668-BE54-9A1E7A4F7556}") = "MediaManager.Tests", "MediaManager.Tests\MediaManager.Tests.csproj", "{1215B0AA-99BB-45DF-A7B9-BE6260C2EED3}"
EndProject
Project("{9A19103F-16F7-4668-BE54-9A1E7A4F7556}") = "MediaManager.Forms", "MediaManager.Forms\MediaManager.Forms.csproj", "{4430A8BA-C7DF-4A5F-875E-D5121AA15B52}"
EndProject
Project("{9A19103F-16F7-4668-BE54-9A1E7A4F7556}") = "MediaManager.ExoPlayer", "MediaManager.ExoPlayer\MediaManager.ExoPlayer.csproj", "{020F3165-7E41-4FAA-A479-0C8D2DEE65A8}"
EndProject
Global
	GlobalSection(SolutionConfigurationPlatforms) = preSolution
		Debug|Any CPU = Debug|Any CPU
		Debug|ARM = Debug|ARM
		Debug|iPhone = Debug|iPhone
		Debug|iPhoneSimulator = Debug|iPhoneSimulator
		Debug|x64 = Debug|x64
		Debug|x86 = Debug|x86
		Release|Any CPU = Release|Any CPU
		Release|ARM = Release|ARM
		Release|iPhone = Release|iPhone
		Release|iPhoneSimulator = Release|iPhoneSimulator
		Release|x64 = Release|x64
		Release|x86 = Release|x86
	EndGlobalSection
	GlobalSection(ProjectConfigurationPlatforms) = postSolution
		{DB2BAFBA-2A85-4E9B-8E9D-0A607A661E84}.Debug|Any CPU.ActiveCfg = Debug|Any CPU
		{DB2BAFBA-2A85-4E9B-8E9D-0A607A661E84}.Debug|Any CPU.Build.0 = Debug|Any CPU
		{DB2BAFBA-2A85-4E9B-8E9D-0A607A661E84}.Debug|ARM.ActiveCfg = Debug|Any CPU
		{DB2BAFBA-2A85-4E9B-8E9D-0A607A661E84}.Debug|ARM.Build.0 = Debug|Any CPU
		{DB2BAFBA-2A85-4E9B-8E9D-0A607A661E84}.Debug|iPhone.ActiveCfg = Debug|Any CPU
		{DB2BAFBA-2A85-4E9B-8E9D-0A607A661E84}.Debug|iPhone.Build.0 = Debug|Any CPU
		{DB2BAFBA-2A85-4E9B-8E9D-0A607A661E84}.Debug|iPhoneSimulator.ActiveCfg = Debug|Any CPU
		{DB2BAFBA-2A85-4E9B-8E9D-0A607A661E84}.Debug|iPhoneSimulator.Build.0 = Debug|Any CPU
		{DB2BAFBA-2A85-4E9B-8E9D-0A607A661E84}.Debug|x64.ActiveCfg = Debug|Any CPU
		{DB2BAFBA-2A85-4E9B-8E9D-0A607A661E84}.Debug|x64.Build.0 = Debug|Any CPU
		{DB2BAFBA-2A85-4E9B-8E9D-0A607A661E84}.Debug|x86.ActiveCfg = Debug|Any CPU
		{DB2BAFBA-2A85-4E9B-8E9D-0A607A661E84}.Debug|x86.Build.0 = Debug|Any CPU
		{DB2BAFBA-2A85-4E9B-8E9D-0A607A661E84}.Release|Any CPU.ActiveCfg = Release|Any CPU
		{DB2BAFBA-2A85-4E9B-8E9D-0A607A661E84}.Release|Any CPU.Build.0 = Release|Any CPU
		{DB2BAFBA-2A85-4E9B-8E9D-0A607A661E84}.Release|ARM.ActiveCfg = Release|Any CPU
		{DB2BAFBA-2A85-4E9B-8E9D-0A607A661E84}.Release|ARM.Build.0 = Release|Any CPU
		{DB2BAFBA-2A85-4E9B-8E9D-0A607A661E84}.Release|iPhone.ActiveCfg = Release|Any CPU
		{DB2BAFBA-2A85-4E9B-8E9D-0A607A661E84}.Release|iPhone.Build.0 = Release|Any CPU
		{DB2BAFBA-2A85-4E9B-8E9D-0A607A661E84}.Release|iPhoneSimulator.ActiveCfg = Release|Any CPU
		{DB2BAFBA-2A85-4E9B-8E9D-0A607A661E84}.Release|iPhoneSimulator.Build.0 = Release|Any CPU
		{DB2BAFBA-2A85-4E9B-8E9D-0A607A661E84}.Release|x64.ActiveCfg = Release|Any CPU
		{DB2BAFBA-2A85-4E9B-8E9D-0A607A661E84}.Release|x64.Build.0 = Release|Any CPU
		{DB2BAFBA-2A85-4E9B-8E9D-0A607A661E84}.Release|x86.ActiveCfg = Release|Any CPU
		{DB2BAFBA-2A85-4E9B-8E9D-0A607A661E84}.Release|x86.Build.0 = Release|Any CPU
		{4921043C-6A1F-4663-B0CB-B43D0D61FDF2}.Debug|Any CPU.ActiveCfg = Debug|x86
		{4921043C-6A1F-4663-B0CB-B43D0D61FDF2}.Debug|ARM.ActiveCfg = Debug|ARM
		{4921043C-6A1F-4663-B0CB-B43D0D61FDF2}.Debug|ARM.Build.0 = Debug|ARM
		{4921043C-6A1F-4663-B0CB-B43D0D61FDF2}.Debug|ARM.Deploy.0 = Debug|ARM
		{4921043C-6A1F-4663-B0CB-B43D0D61FDF2}.Debug|iPhone.ActiveCfg = Debug|x86
		{4921043C-6A1F-4663-B0CB-B43D0D61FDF2}.Debug|iPhoneSimulator.ActiveCfg = Debug|x86
		{4921043C-6A1F-4663-B0CB-B43D0D61FDF2}.Debug|x64.ActiveCfg = Debug|x64
		{4921043C-6A1F-4663-B0CB-B43D0D61FDF2}.Debug|x64.Build.0 = Debug|x64
		{4921043C-6A1F-4663-B0CB-B43D0D61FDF2}.Debug|x64.Deploy.0 = Debug|x64
		{4921043C-6A1F-4663-B0CB-B43D0D61FDF2}.Debug|x86.ActiveCfg = Debug|x86
		{4921043C-6A1F-4663-B0CB-B43D0D61FDF2}.Debug|x86.Build.0 = Debug|x86
		{4921043C-6A1F-4663-B0CB-B43D0D61FDF2}.Debug|x86.Deploy.0 = Debug|x86
		{4921043C-6A1F-4663-B0CB-B43D0D61FDF2}.Release|Any CPU.ActiveCfg = Debug|x64
		{4921043C-6A1F-4663-B0CB-B43D0D61FDF2}.Release|ARM.ActiveCfg = Debug|ARM
		{4921043C-6A1F-4663-B0CB-B43D0D61FDF2}.Release|iPhone.ActiveCfg = Debug|x64
		{4921043C-6A1F-4663-B0CB-B43D0D61FDF2}.Release|iPhoneSimulator.ActiveCfg = Debug|x64
		{4921043C-6A1F-4663-B0CB-B43D0D61FDF2}.Release|x64.ActiveCfg = Debug|x64
		{4921043C-6A1F-4663-B0CB-B43D0D61FDF2}.Release|x86.ActiveCfg = Debug|x86
		{57484D07-A3D9-4E99-8D97-688BFCE137D1}.Debug|Any CPU.ActiveCfg = Debug|Any CPU
		{57484D07-A3D9-4E99-8D97-688BFCE137D1}.Debug|Any CPU.Build.0 = Debug|Any CPU
		{57484D07-A3D9-4E99-8D97-688BFCE137D1}.Debug|ARM.ActiveCfg = Debug|Any CPU
		{57484D07-A3D9-4E99-8D97-688BFCE137D1}.Debug|ARM.Build.0 = Debug|Any CPU
		{57484D07-A3D9-4E99-8D97-688BFCE137D1}.Debug|iPhone.ActiveCfg = Debug|Any CPU
		{57484D07-A3D9-4E99-8D97-688BFCE137D1}.Debug|iPhone.Build.0 = Debug|Any CPU
		{57484D07-A3D9-4E99-8D97-688BFCE137D1}.Debug|iPhoneSimulator.ActiveCfg = Debug|Any CPU
		{57484D07-A3D9-4E99-8D97-688BFCE137D1}.Debug|iPhoneSimulator.Build.0 = Debug|Any CPU
		{57484D07-A3D9-4E99-8D97-688BFCE137D1}.Debug|x64.ActiveCfg = Debug|Any CPU
		{57484D07-A3D9-4E99-8D97-688BFCE137D1}.Debug|x64.Build.0 = Debug|Any CPU
		{57484D07-A3D9-4E99-8D97-688BFCE137D1}.Debug|x86.ActiveCfg = Debug|Any CPU
		{57484D07-A3D9-4E99-8D97-688BFCE137D1}.Debug|x86.Build.0 = Debug|Any CPU
		{57484D07-A3D9-4E99-8D97-688BFCE137D1}.Release|Any CPU.ActiveCfg = Release|Any CPU
		{57484D07-A3D9-4E99-8D97-688BFCE137D1}.Release|Any CPU.Build.0 = Release|Any CPU
		{57484D07-A3D9-4E99-8D97-688BFCE137D1}.Release|ARM.ActiveCfg = Release|Any CPU
		{57484D07-A3D9-4E99-8D97-688BFCE137D1}.Release|ARM.Build.0 = Release|Any CPU
		{57484D07-A3D9-4E99-8D97-688BFCE137D1}.Release|iPhone.ActiveCfg = Release|Any CPU
		{57484D07-A3D9-4E99-8D97-688BFCE137D1}.Release|iPhone.Build.0 = Release|Any CPU
		{57484D07-A3D9-4E99-8D97-688BFCE137D1}.Release|iPhoneSimulator.ActiveCfg = Release|Any CPU
		{57484D07-A3D9-4E99-8D97-688BFCE137D1}.Release|iPhoneSimulator.Build.0 = Release|Any CPU
		{57484D07-A3D9-4E99-8D97-688BFCE137D1}.Release|x64.ActiveCfg = Release|Any CPU
		{57484D07-A3D9-4E99-8D97-688BFCE137D1}.Release|x64.Build.0 = Release|Any CPU
		{57484D07-A3D9-4E99-8D97-688BFCE137D1}.Release|x86.ActiveCfg = Release|Any CPU
		{57484D07-A3D9-4E99-8D97-688BFCE137D1}.Release|x86.Build.0 = Release|Any CPU
		{1215B0AA-99BB-45DF-A7B9-BE6260C2EED3}.Debug|Any CPU.ActiveCfg = Debug|Any CPU
		{1215B0AA-99BB-45DF-A7B9-BE6260C2EED3}.Debug|Any CPU.Build.0 = Debug|Any CPU
		{1215B0AA-99BB-45DF-A7B9-BE6260C2EED3}.Debug|ARM.ActiveCfg = Debug|Any CPU
		{1215B0AA-99BB-45DF-A7B9-BE6260C2EED3}.Debug|ARM.Build.0 = Debug|Any CPU
		{1215B0AA-99BB-45DF-A7B9-BE6260C2EED3}.Debug|iPhone.ActiveCfg = Debug|Any CPU
		{1215B0AA-99BB-45DF-A7B9-BE6260C2EED3}.Debug|iPhone.Build.0 = Debug|Any CPU
		{1215B0AA-99BB-45DF-A7B9-BE6260C2EED3}.Debug|iPhoneSimulator.ActiveCfg = Debug|Any CPU
		{1215B0AA-99BB-45DF-A7B9-BE6260C2EED3}.Debug|x64.ActiveCfg = Debug|Any CPU
		{1215B0AA-99BB-45DF-A7B9-BE6260C2EED3}.Debug|x64.Build.0 = Debug|Any CPU
		{1215B0AA-99BB-45DF-A7B9-BE6260C2EED3}.Debug|x86.ActiveCfg = Debug|Any CPU
		{1215B0AA-99BB-45DF-A7B9-BE6260C2EED3}.Debug|x86.Build.0 = Debug|Any CPU
		{1215B0AA-99BB-45DF-A7B9-BE6260C2EED3}.Release|Any CPU.ActiveCfg = Release|Any CPU
		{1215B0AA-99BB-45DF-A7B9-BE6260C2EED3}.Release|ARM.ActiveCfg = Release|Any CPU
		{1215B0AA-99BB-45DF-A7B9-BE6260C2EED3}.Release|ARM.Build.0 = Release|Any CPU
		{1215B0AA-99BB-45DF-A7B9-BE6260C2EED3}.Release|iPhone.ActiveCfg = Release|Any CPU
		{1215B0AA-99BB-45DF-A7B9-BE6260C2EED3}.Release|iPhone.Build.0 = Release|Any CPU
		{1215B0AA-99BB-45DF-A7B9-BE6260C2EED3}.Release|iPhoneSimulator.ActiveCfg = Release|Any CPU
		{1215B0AA-99BB-45DF-A7B9-BE6260C2EED3}.Release|iPhoneSimulator.Build.0 = Release|Any CPU
		{1215B0AA-99BB-45DF-A7B9-BE6260C2EED3}.Release|x64.ActiveCfg = Release|Any CPU
		{1215B0AA-99BB-45DF-A7B9-BE6260C2EED3}.Release|x64.Build.0 = Release|Any CPU
		{1215B0AA-99BB-45DF-A7B9-BE6260C2EED3}.Release|x86.ActiveCfg = Release|Any CPU
		{1215B0AA-99BB-45DF-A7B9-BE6260C2EED3}.Release|x86.Build.0 = Release|Any CPU
		{4430A8BA-C7DF-4A5F-875E-D5121AA15B52}.Debug|Any CPU.ActiveCfg = Debug|Any CPU
		{4430A8BA-C7DF-4A5F-875E-D5121AA15B52}.Debug|Any CPU.Build.0 = Debug|Any CPU
		{4430A8BA-C7DF-4A5F-875E-D5121AA15B52}.Debug|ARM.ActiveCfg = Debug|Any CPU
		{4430A8BA-C7DF-4A5F-875E-D5121AA15B52}.Debug|ARM.Build.0 = Debug|Any CPU
		{4430A8BA-C7DF-4A5F-875E-D5121AA15B52}.Debug|iPhone.ActiveCfg = Debug|Any CPU
		{4430A8BA-C7DF-4A5F-875E-D5121AA15B52}.Debug|iPhone.Build.0 = Debug|Any CPU
		{4430A8BA-C7DF-4A5F-875E-D5121AA15B52}.Debug|iPhoneSimulator.ActiveCfg = Debug|Any CPU
		{4430A8BA-C7DF-4A5F-875E-D5121AA15B52}.Debug|iPhoneSimulator.Build.0 = Debug|Any CPU
		{4430A8BA-C7DF-4A5F-875E-D5121AA15B52}.Debug|x64.ActiveCfg = Debug|Any CPU
		{4430A8BA-C7DF-4A5F-875E-D5121AA15B52}.Debug|x64.Build.0 = Debug|Any CPU
		{4430A8BA-C7DF-4A5F-875E-D5121AA15B52}.Debug|x86.ActiveCfg = Debug|Any CPU
		{4430A8BA-C7DF-4A5F-875E-D5121AA15B52}.Debug|x86.Build.0 = Debug|Any CPU
		{4430A8BA-C7DF-4A5F-875E-D5121AA15B52}.Release|Any CPU.ActiveCfg = Release|Any CPU
		{4430A8BA-C7DF-4A5F-875E-D5121AA15B52}.Release|Any CPU.Build.0 = Release|Any CPU
		{4430A8BA-C7DF-4A5F-875E-D5121AA15B52}.Release|ARM.ActiveCfg = Release|Any CPU
		{4430A8BA-C7DF-4A5F-875E-D5121AA15B52}.Release|ARM.Build.0 = Release|Any CPU
		{4430A8BA-C7DF-4A5F-875E-D5121AA15B52}.Release|iPhone.ActiveCfg = Release|Any CPU
		{4430A8BA-C7DF-4A5F-875E-D5121AA15B52}.Release|iPhone.Build.0 = Release|Any CPU
		{4430A8BA-C7DF-4A5F-875E-D5121AA15B52}.Release|iPhoneSimulator.ActiveCfg = Release|Any CPU
		{4430A8BA-C7DF-4A5F-875E-D5121AA15B52}.Release|iPhoneSimulator.Build.0 = Release|Any CPU
		{4430A8BA-C7DF-4A5F-875E-D5121AA15B52}.Release|x64.ActiveCfg = Release|Any CPU
		{4430A8BA-C7DF-4A5F-875E-D5121AA15B52}.Release|x64.Build.0 = Release|Any CPU
		{4430A8BA-C7DF-4A5F-875E-D5121AA15B52}.Release|x86.ActiveCfg = Release|Any CPU
		{4430A8BA-C7DF-4A5F-875E-D5121AA15B52}.Release|x86.Build.0 = Release|Any CPU
		{020F3165-7E41-4FAA-A479-0C8D2DEE65A8}.Debug|Any CPU.ActiveCfg = Debug|Any CPU
		{020F3165-7E41-4FAA-A479-0C8D2DEE65A8}.Debug|Any CPU.Build.0 = Debug|Any CPU
		{020F3165-7E41-4FAA-A479-0C8D2DEE65A8}.Debug|ARM.ActiveCfg = Debug|Any CPU
		{020F3165-7E41-4FAA-A479-0C8D2DEE65A8}.Debug|ARM.Build.0 = Debug|Any CPU
		{020F3165-7E41-4FAA-A479-0C8D2DEE65A8}.Debug|iPhone.ActiveCfg = Debug|Any CPU
		{020F3165-7E41-4FAA-A479-0C8D2DEE65A8}.Debug|iPhone.Build.0 = Debug|Any CPU
		{020F3165-7E41-4FAA-A479-0C8D2DEE65A8}.Debug|iPhoneSimulator.ActiveCfg = Debug|Any CPU
		{020F3165-7E41-4FAA-A479-0C8D2DEE65A8}.Debug|iPhoneSimulator.Build.0 = Debug|Any CPU
		{020F3165-7E41-4FAA-A479-0C8D2DEE65A8}.Debug|x64.ActiveCfg = Debug|Any CPU
		{020F3165-7E41-4FAA-A479-0C8D2DEE65A8}.Debug|x64.Build.0 = Debug|Any CPU
		{020F3165-7E41-4FAA-A479-0C8D2DEE65A8}.Debug|x86.ActiveCfg = Debug|Any CPU
		{020F3165-7E41-4FAA-A479-0C8D2DEE65A8}.Debug|x86.Build.0 = Debug|Any CPU
		{020F3165-7E41-4FAA-A479-0C8D2DEE65A8}.Release|Any CPU.ActiveCfg = Release|Any CPU
		{020F3165-7E41-4FAA-A479-0C8D2DEE65A8}.Release|Any CPU.Build.0 = Release|Any CPU
		{020F3165-7E41-4FAA-A479-0C8D2DEE65A8}.Release|ARM.ActiveCfg = Release|Any CPU
		{020F3165-7E41-4FAA-A479-0C8D2DEE65A8}.Release|ARM.Build.0 = Release|Any CPU
		{020F3165-7E41-4FAA-A479-0C8D2DEE65A8}.Release|iPhone.ActiveCfg = Release|Any CPU
		{020F3165-7E41-4FAA-A479-0C8D2DEE65A8}.Release|iPhone.Build.0 = Release|Any CPU
		{020F3165-7E41-4FAA-A479-0C8D2DEE65A8}.Release|iPhoneSimulator.ActiveCfg = Release|Any CPU
		{020F3165-7E41-4FAA-A479-0C8D2DEE65A8}.Release|iPhoneSimulator.Build.0 = Release|Any CPU
		{020F3165-7E41-4FAA-A479-0C8D2DEE65A8}.Release|x64.ActiveCfg = Release|Any CPU
		{020F3165-7E41-4FAA-A479-0C8D2DEE65A8}.Release|x64.Build.0 = Release|Any CPU
		{020F3165-7E41-4FAA-A479-0C8D2DEE65A8}.Release|x86.ActiveCfg = Release|Any CPU
		{020F3165-7E41-4FAA-A479-0C8D2DEE65A8}.Release|x86.Build.0 = Release|Any CPU
	EndGlobalSection
	GlobalSection(SolutionProperties) = preSolution
		HideSolutionNode = FALSE
	EndGlobalSection
	GlobalSection(ExtensibilityGlobals) = postSolution
		SolutionGuid = {10FF4553-AD46-49FF-9BFA-C4088CCAC2DE}
	EndGlobalSection
	GlobalSection(MonoDevelopProperties) = preSolution
		Policies = $0
		$0.TextStylePolicy = $1
		$1.scope = text/plain
		$1.TabsToSpaces = True
	EndGlobalSection
EndGlobal
