Microsoft Visual Studio Solution File, Format Version 12.00
# Visual Studio 15
VisualStudioVersion = 15.0.26430.16
MinimumVisualStudioVersion = 10.0.40219.1
Project("{2150E333-8FDC-42A3-9474-1A3956D46DE8}") = "Solution Items", "Solution Items", "{BD9762CF-E104-481C-96A6-26E624B86283}"
	ProjectSection(SolutionItems) = preProject
		.editorconfig = .editorconfig
		Directory.build.props = Directory.build.props
		Directory.build.targets = Directory.build.targets
	EndProjectSection
EndProject
Project("{FAE04EC0-301F-11D3-BF4B-00C04F79EFBC}") = "MediaManager", "MediaManager\MediaManager.csproj", "{464CB812-F99F-401B-BE4C-E8F0515CD19D}"
EndProject
Project("{2150E333-8FDC-42A3-9474-1A3956D46DE8}") = "Samples", "Samples", "{D3D3E489-FDB8-4F52-8ED9-0EE2E3FD0EA7}"
EndProject
Project("{FAE04EC0-301F-11D3-BF4B-00C04F79EFBC}") = "ElementPlayer.Droid", "Samples\ElementPlayer.Droid\ElementPlayer.Droid.csproj", "{B3D37056-8E3C-4BA2-AF29-C07D0A104F79}"
EndProject
Project("{FAE04EC0-301F-11D3-BF4B-00C04F79EFBC}") = "ElementPlayer.iOS", "Samples\ElementPlayer.iOS\ElementPlayer.iOS.csproj", "{5C59DA5E-03BD-4FB4-B0DC-DFFB495FC151}"
EndProject
Global
	GlobalSection(SolutionConfigurationPlatforms) = preSolution
		Ad-Hoc|Any CPU = Ad-Hoc|Any CPU
		Ad-Hoc|ARM = Ad-Hoc|ARM
		Ad-Hoc|iPhone = Ad-Hoc|iPhone
		Ad-Hoc|iPhoneSimulator = Ad-Hoc|iPhoneSimulator
		Ad-Hoc|Mixed Platforms = Ad-Hoc|Mixed Platforms
		Ad-Hoc|x64 = Ad-Hoc|x64
		Ad-Hoc|x86 = Ad-Hoc|x86
		AppStore|Any CPU = AppStore|Any CPU
		AppStore|ARM = AppStore|ARM
		AppStore|iPhone = AppStore|iPhone
		AppStore|iPhoneSimulator = AppStore|iPhoneSimulator
		AppStore|Mixed Platforms = AppStore|Mixed Platforms
		AppStore|x64 = AppStore|x64
		AppStore|x86 = AppStore|x86
		Debug|Any CPU = Debug|Any CPU
		Debug|ARM = Debug|ARM
		Debug|iPhone = Debug|iPhone
		Debug|iPhoneSimulator = Debug|iPhoneSimulator
		Debug|Mixed Platforms = Debug|Mixed Platforms
		Debug|x64 = Debug|x64
		Debug|x86 = Debug|x86
		Release|Any CPU = Release|Any CPU
		Release|ARM = Release|ARM
		Release|iPhone = Release|iPhone
		Release|iPhoneSimulator = Release|iPhoneSimulator
		Release|Mixed Platforms = Release|Mixed Platforms
		Release|x64 = Release|x64
		Release|x86 = Release|x86
	EndGlobalSection
	GlobalSection(ProjectConfigurationPlatforms) = postSolution
		{464CB812-F99F-401B-BE4C-E8F0515CD19D}.Ad-Hoc|Any CPU.ActiveCfg = Release|Any CPU
		{464CB812-F99F-401B-BE4C-E8F0515CD19D}.Ad-Hoc|Any CPU.Build.0 = Release|Any CPU
		{464CB812-F99F-401B-BE4C-E8F0515CD19D}.Ad-Hoc|ARM.ActiveCfg = Release|Any CPU
		{464CB812-F99F-401B-BE4C-E8F0515CD19D}.Ad-Hoc|iPhone.ActiveCfg = Release|Any CPU
		{464CB812-F99F-401B-BE4C-E8F0515CD19D}.Ad-Hoc|iPhoneSimulator.ActiveCfg = Release|Any CPU
		{464CB812-F99F-401B-BE4C-E8F0515CD19D}.Ad-Hoc|Mixed Platforms.ActiveCfg = Release|Any CPU
		{464CB812-F99F-401B-BE4C-E8F0515CD19D}.Ad-Hoc|Mixed Platforms.Build.0 = Release|Any CPU
		{464CB812-F99F-401B-BE4C-E8F0515CD19D}.Ad-Hoc|x64.ActiveCfg = Release|Any CPU
		{464CB812-F99F-401B-BE4C-E8F0515CD19D}.Ad-Hoc|x86.ActiveCfg = Release|Any CPU
		{464CB812-F99F-401B-BE4C-E8F0515CD19D}.AppStore|Any CPU.ActiveCfg = Release|Any CPU
		{464CB812-F99F-401B-BE4C-E8F0515CD19D}.AppStore|Any CPU.Build.0 = Release|Any CPU
		{464CB812-F99F-401B-BE4C-E8F0515CD19D}.AppStore|ARM.ActiveCfg = Release|Any CPU
		{464CB812-F99F-401B-BE4C-E8F0515CD19D}.AppStore|iPhone.ActiveCfg = Release|Any CPU
		{464CB812-F99F-401B-BE4C-E8F0515CD19D}.AppStore|iPhoneSimulator.ActiveCfg = Release|Any CPU
		{464CB812-F99F-401B-BE4C-E8F0515CD19D}.AppStore|Mixed Platforms.ActiveCfg = Release|Any CPU
		{464CB812-F99F-401B-BE4C-E8F0515CD19D}.AppStore|Mixed Platforms.Build.0 = Release|Any CPU
		{464CB812-F99F-401B-BE4C-E8F0515CD19D}.AppStore|x64.ActiveCfg = Release|Any CPU
		{464CB812-F99F-401B-BE4C-E8F0515CD19D}.AppStore|x86.ActiveCfg = Release|Any CPU
		{464CB812-F99F-401B-BE4C-E8F0515CD19D}.Debug|Any CPU.ActiveCfg = Debug|Any CPU
		{464CB812-F99F-401B-BE4C-E8F0515CD19D}.Debug|Any CPU.Build.0 = Debug|Any CPU
		{464CB812-F99F-401B-BE4C-E8F0515CD19D}.Debug|ARM.ActiveCfg = Debug|Any CPU
		{464CB812-F99F-401B-BE4C-E8F0515CD19D}.Debug|iPhone.ActiveCfg = Debug|Any CPU
		{464CB812-F99F-401B-BE4C-E8F0515CD19D}.Debug|iPhoneSimulator.ActiveCfg = Debug|Any CPU
		{464CB812-F99F-401B-BE4C-E8F0515CD19D}.Debug|Mixed Platforms.ActiveCfg = Debug|Any CPU
		{464CB812-F99F-401B-BE4C-E8F0515CD19D}.Debug|Mixed Platforms.Build.0 = Debug|Any CPU
		{464CB812-F99F-401B-BE4C-E8F0515CD19D}.Debug|x64.ActiveCfg = Debug|Any CPU
		{464CB812-F99F-401B-BE4C-E8F0515CD19D}.Debug|x86.ActiveCfg = Debug|Any CPU
		{464CB812-F99F-401B-BE4C-E8F0515CD19D}.Release|Any CPU.ActiveCfg = Release|Any CPU
		{464CB812-F99F-401B-BE4C-E8F0515CD19D}.Release|Any CPU.Build.0 = Release|Any CPU
		{464CB812-F99F-401B-BE4C-E8F0515CD19D}.Release|ARM.ActiveCfg = Release|Any CPU
		{464CB812-F99F-401B-BE4C-E8F0515CD19D}.Release|iPhone.ActiveCfg = Release|Any CPU
		{464CB812-F99F-401B-BE4C-E8F0515CD19D}.Release|iPhoneSimulator.ActiveCfg = Release|Any CPU
		{464CB812-F99F-401B-BE4C-E8F0515CD19D}.Release|Mixed Platforms.ActiveCfg = Release|Any CPU
		{464CB812-F99F-401B-BE4C-E8F0515CD19D}.Release|Mixed Platforms.Build.0 = Release|Any CPU
		{464CB812-F99F-401B-BE4C-E8F0515CD19D}.Release|x64.ActiveCfg = Release|Any CPU
		{464CB812-F99F-401B-BE4C-E8F0515CD19D}.Release|x86.ActiveCfg = Release|Any CPU
		{B3D37056-8E3C-4BA2-AF29-C07D0A104F79}.Ad-Hoc|Any CPU.ActiveCfg = Debug|Any CPU
		{B3D37056-8E3C-4BA2-AF29-C07D0A104F79}.Ad-Hoc|Any CPU.Build.0 = Debug|Any CPU
		{B3D37056-8E3C-4BA2-AF29-C07D0A104F79}.Ad-Hoc|ARM.ActiveCfg = Debug|Any CPU
		{B3D37056-8E3C-4BA2-AF29-C07D0A104F79}.Ad-Hoc|ARM.Build.0 = Debug|Any CPU
		{B3D37056-8E3C-4BA2-AF29-C07D0A104F79}.Ad-Hoc|iPhone.ActiveCfg = Debug|Any CPU
		{B3D37056-8E3C-4BA2-AF29-C07D0A104F79}.Ad-Hoc|iPhone.Build.0 = Debug|Any CPU
		{B3D37056-8E3C-4BA2-AF29-C07D0A104F79}.Ad-Hoc|iPhoneSimulator.ActiveCfg = Debug|Any CPU
		{B3D37056-8E3C-4BA2-AF29-C07D0A104F79}.Ad-Hoc|iPhoneSimulator.Build.0 = Debug|Any CPU
		{B3D37056-8E3C-4BA2-AF29-C07D0A104F79}.Ad-Hoc|Mixed Platforms.ActiveCfg = Debug|Any CPU
		{B3D37056-8E3C-4BA2-AF29-C07D0A104F79}.Ad-Hoc|Mixed Platforms.Build.0 = Debug|Any CPU
		{B3D37056-8E3C-4BA2-AF29-C07D0A104F79}.Ad-Hoc|x64.ActiveCfg = Debug|Any CPU
		{B3D37056-8E3C-4BA2-AF29-C07D0A104F79}.Ad-Hoc|x64.Build.0 = Debug|Any CPU
		{B3D37056-8E3C-4BA2-AF29-C07D0A104F79}.Ad-Hoc|x86.ActiveCfg = Debug|Any CPU
		{B3D37056-8E3C-4BA2-AF29-C07D0A104F79}.Ad-Hoc|x86.Build.0 = Debug|Any CPU
		{B3D37056-8E3C-4BA2-AF29-C07D0A104F79}.AppStore|Any CPU.ActiveCfg = Debug|Any CPU
		{B3D37056-8E3C-4BA2-AF29-C07D0A104F79}.AppStore|Any CPU.Build.0 = Debug|Any CPU
		{B3D37056-8E3C-4BA2-AF29-C07D0A104F79}.AppStore|ARM.ActiveCfg = Debug|Any CPU
		{B3D37056-8E3C-4BA2-AF29-C07D0A104F79}.AppStore|ARM.Build.0 = Debug|Any CPU
		{B3D37056-8E3C-4BA2-AF29-C07D0A104F79}.AppStore|iPhone.ActiveCfg = Debug|Any CPU
		{B3D37056-8E3C-4BA2-AF29-C07D0A104F79}.AppStore|iPhone.Build.0 = Debug|Any CPU
		{B3D37056-8E3C-4BA2-AF29-C07D0A104F79}.AppStore|iPhoneSimulator.ActiveCfg = Debug|Any CPU
		{B3D37056-8E3C-4BA2-AF29-C07D0A104F79}.AppStore|iPhoneSimulator.Build.0 = Debug|Any CPU
		{B3D37056-8E3C-4BA2-AF29-C07D0A104F79}.AppStore|Mixed Platforms.ActiveCfg = Debug|Any CPU
		{B3D37056-8E3C-4BA2-AF29-C07D0A104F79}.AppStore|Mixed Platforms.Build.0 = Debug|Any CPU
		{B3D37056-8E3C-4BA2-AF29-C07D0A104F79}.AppStore|x64.ActiveCfg = Debug|Any CPU
		{B3D37056-8E3C-4BA2-AF29-C07D0A104F79}.AppStore|x64.Build.0 = Debug|Any CPU
		{B3D37056-8E3C-4BA2-AF29-C07D0A104F79}.AppStore|x86.ActiveCfg = Debug|Any CPU
		{B3D37056-8E3C-4BA2-AF29-C07D0A104F79}.AppStore|x86.Build.0 = Debug|Any CPU
		{B3D37056-8E3C-4BA2-AF29-C07D0A104F79}.Debug|Any CPU.ActiveCfg = Debug|Any CPU
		{B3D37056-8E3C-4BA2-AF29-C07D0A104F79}.Debug|Any CPU.Build.0 = Debug|Any CPU
		{B3D37056-8E3C-4BA2-AF29-C07D0A104F79}.Debug|ARM.ActiveCfg = Debug|Any CPU
		{B3D37056-8E3C-4BA2-AF29-C07D0A104F79}.Debug|ARM.Build.0 = Debug|Any CPU
		{B3D37056-8E3C-4BA2-AF29-C07D0A104F79}.Debug|iPhone.ActiveCfg = Debug|Any CPU
		{B3D37056-8E3C-4BA2-AF29-C07D0A104F79}.Debug|iPhone.Build.0 = Debug|Any CPU
		{B3D37056-8E3C-4BA2-AF29-C07D0A104F79}.Debug|iPhoneSimulator.ActiveCfg = Debug|Any CPU
		{B3D37056-8E3C-4BA2-AF29-C07D0A104F79}.Debug|iPhoneSimulator.Build.0 = Debug|Any CPU
		{B3D37056-8E3C-4BA2-AF29-C07D0A104F79}.Debug|Mixed Platforms.ActiveCfg = Debug|Any CPU
		{B3D37056-8E3C-4BA2-AF29-C07D0A104F79}.Debug|Mixed Platforms.Build.0 = Debug|Any CPU
		{B3D37056-8E3C-4BA2-AF29-C07D0A104F79}.Debug|x64.ActiveCfg = Debug|Any CPU
		{B3D37056-8E3C-4BA2-AF29-C07D0A104F79}.Debug|x64.Build.0 = Debug|Any CPU
		{B3D37056-8E3C-4BA2-AF29-C07D0A104F79}.Debug|x86.ActiveCfg = Debug|Any CPU
		{B3D37056-8E3C-4BA2-AF29-C07D0A104F79}.Debug|x86.Build.0 = Debug|Any CPU
		{B3D37056-8E3C-4BA2-AF29-C07D0A104F79}.Release|Any CPU.ActiveCfg = Release|Any CPU
		{B3D37056-8E3C-4BA2-AF29-C07D0A104F79}.Release|Any CPU.Build.0 = Release|Any CPU
		{B3D37056-8E3C-4BA2-AF29-C07D0A104F79}.Release|ARM.ActiveCfg = Release|Any CPU
		{B3D37056-8E3C-4BA2-AF29-C07D0A104F79}.Release|ARM.Build.0 = Release|Any CPU
		{B3D37056-8E3C-4BA2-AF29-C07D0A104F79}.Release|iPhone.ActiveCfg = Release|Any CPU
		{B3D37056-8E3C-4BA2-AF29-C07D0A104F79}.Release|iPhone.Build.0 = Release|Any CPU
		{B3D37056-8E3C-4BA2-AF29-C07D0A104F79}.Release|iPhoneSimulator.ActiveCfg = Release|Any CPU
		{B3D37056-8E3C-4BA2-AF29-C07D0A104F79}.Release|iPhoneSimulator.Build.0 = Release|Any CPU
		{B3D37056-8E3C-4BA2-AF29-C07D0A104F79}.Release|Mixed Platforms.ActiveCfg = Release|Any CPU
		{B3D37056-8E3C-4BA2-AF29-C07D0A104F79}.Release|Mixed Platforms.Build.0 = Release|Any CPU
		{B3D37056-8E3C-4BA2-AF29-C07D0A104F79}.Release|x64.ActiveCfg = Release|Any CPU
		{B3D37056-8E3C-4BA2-AF29-C07D0A104F79}.Release|x64.Build.0 = Release|Any CPU
		{B3D37056-8E3C-4BA2-AF29-C07D0A104F79}.Release|x86.ActiveCfg = Release|Any CPU
		{B3D37056-8E3C-4BA2-AF29-C07D0A104F79}.Release|x86.Build.0 = Release|Any CPU
		{5C59DA5E-03BD-4FB4-B0DC-DFFB495FC151}.Ad-Hoc|Any CPU.ActiveCfg = Debug|iPhoneSimulator
		{5C59DA5E-03BD-4FB4-B0DC-DFFB495FC151}.Ad-Hoc|Any CPU.Build.0 = Debug|iPhoneSimulator
		{5C59DA5E-03BD-4FB4-B0DC-DFFB495FC151}.Ad-Hoc|ARM.ActiveCfg = Debug|iPhoneSimulator
		{5C59DA5E-03BD-4FB4-B0DC-DFFB495FC151}.Ad-Hoc|ARM.Build.0 = Debug|iPhoneSimulator
		{5C59DA5E-03BD-4FB4-B0DC-DFFB495FC151}.Ad-Hoc|iPhone.ActiveCfg = Release|iPhone
		{5C59DA5E-03BD-4FB4-B0DC-DFFB495FC151}.Ad-Hoc|iPhone.Build.0 = Release|iPhone
		{5C59DA5E-03BD-4FB4-B0DC-DFFB495FC151}.Ad-Hoc|iPhoneSimulator.ActiveCfg = Debug|iPhoneSimulator
		{5C59DA5E-03BD-4FB4-B0DC-DFFB495FC151}.Ad-Hoc|iPhoneSimulator.Build.0 = Debug|iPhoneSimulator
		{5C59DA5E-03BD-4FB4-B0DC-DFFB495FC151}.Ad-Hoc|Mixed Platforms.ActiveCfg = Debug|iPhoneSimulator
		{5C59DA5E-03BD-4FB4-B0DC-DFFB495FC151}.Ad-Hoc|Mixed Platforms.Build.0 = Debug|iPhoneSimulator
		{5C59DA5E-03BD-4FB4-B0DC-DFFB495FC151}.Ad-Hoc|x64.ActiveCfg = Debug|iPhoneSimulator
		{5C59DA5E-03BD-4FB4-B0DC-DFFB495FC151}.Ad-Hoc|x64.Build.0 = Debug|iPhoneSimulator
		{5C59DA5E-03BD-4FB4-B0DC-DFFB495FC151}.Ad-Hoc|x86.ActiveCfg = Debug|iPhoneSimulator
		{5C59DA5E-03BD-4FB4-B0DC-DFFB495FC151}.Ad-Hoc|x86.Build.0 = Debug|iPhoneSimulator
		{5C59DA5E-03BD-4FB4-B0DC-DFFB495FC151}.AppStore|Any CPU.ActiveCfg = Debug|iPhoneSimulator
		{5C59DA5E-03BD-4FB4-B0DC-DFFB495FC151}.AppStore|Any CPU.Build.0 = Debug|iPhoneSimulator
		{5C59DA5E-03BD-4FB4-B0DC-DFFB495FC151}.AppStore|ARM.ActiveCfg = Debug|iPhoneSimulator
		{5C59DA5E-03BD-4FB4-B0DC-DFFB495FC151}.AppStore|ARM.Build.0 = Debug|iPhoneSimulator
		{5C59DA5E-03BD-4FB4-B0DC-DFFB495FC151}.AppStore|iPhone.ActiveCfg = Release|iPhone
		{5C59DA5E-03BD-4FB4-B0DC-DFFB495FC151}.AppStore|iPhone.Build.0 = Release|iPhone
		{5C59DA5E-03BD-4FB4-B0DC-DFFB495FC151}.AppStore|iPhoneSimulator.ActiveCfg = Debug|iPhoneSimulator
		{5C59DA5E-03BD-4FB4-B0DC-DFFB495FC151}.AppStore|iPhoneSimulator.Build.0 = Debug|iPhoneSimulator
		{5C59DA5E-03BD-4FB4-B0DC-DFFB495FC151}.AppStore|Mixed Platforms.ActiveCfg = Debug|iPhoneSimulator
		{5C59DA5E-03BD-4FB4-B0DC-DFFB495FC151}.AppStore|Mixed Platforms.Build.0 = Debug|iPhoneSimulator
		{5C59DA5E-03BD-4FB4-B0DC-DFFB495FC151}.AppStore|x64.ActiveCfg = Debug|iPhoneSimulator
		{5C59DA5E-03BD-4FB4-B0DC-DFFB495FC151}.AppStore|x64.Build.0 = Debug|iPhoneSimulator
		{5C59DA5E-03BD-4FB4-B0DC-DFFB495FC151}.AppStore|x86.ActiveCfg = Debug|iPhoneSimulator
		{5C59DA5E-03BD-4FB4-B0DC-DFFB495FC151}.AppStore|x86.Build.0 = Debug|iPhoneSimulator
		{5C59DA5E-03BD-4FB4-B0DC-DFFB495FC151}.Debug|Any CPU.ActiveCfg = Debug|iPhoneSimulator
		{5C59DA5E-03BD-4FB4-B0DC-DFFB495FC151}.Debug|Any CPU.Build.0 = Debug|iPhoneSimulator
		{5C59DA5E-03BD-4FB4-B0DC-DFFB495FC151}.Debug|ARM.ActiveCfg = Debug|iPhoneSimulator
		{5C59DA5E-03BD-4FB4-B0DC-DFFB495FC151}.Debug|ARM.Build.0 = Debug|iPhoneSimulator
		{5C59DA5E-03BD-4FB4-B0DC-DFFB495FC151}.Debug|iPhone.ActiveCfg = Debug|iPhone
		{5C59DA5E-03BD-4FB4-B0DC-DFFB495FC151}.Debug|iPhone.Build.0 = Debug|iPhone
		{5C59DA5E-03BD-4FB4-B0DC-DFFB495FC151}.Debug|iPhoneSimulator.ActiveCfg = Debug|iPhoneSimulator
		{5C59DA5E-03BD-4FB4-B0DC-DFFB495FC151}.Debug|iPhoneSimulator.Build.0 = Debug|iPhoneSimulator
		{5C59DA5E-03BD-4FB4-B0DC-DFFB495FC151}.Debug|Mixed Platforms.ActiveCfg = Debug|iPhoneSimulator
		{5C59DA5E-03BD-4FB4-B0DC-DFFB495FC151}.Debug|Mixed Platforms.Build.0 = Debug|iPhoneSimulator
		{5C59DA5E-03BD-4FB4-B0DC-DFFB495FC151}.Debug|x64.ActiveCfg = Debug|iPhoneSimulator
		{5C59DA5E-03BD-4FB4-B0DC-DFFB495FC151}.Debug|x64.Build.0 = Debug|iPhoneSimulator
		{5C59DA5E-03BD-4FB4-B0DC-DFFB495FC151}.Debug|x86.ActiveCfg = Debug|iPhoneSimulator
		{5C59DA5E-03BD-4FB4-B0DC-DFFB495FC151}.Debug|x86.Build.0 = Debug|iPhoneSimulator
		{5C59DA5E-03BD-4FB4-B0DC-DFFB495FC151}.Release|Any CPU.ActiveCfg = Release|iPhone
		{5C59DA5E-03BD-4FB4-B0DC-DFFB495FC151}.Release|Any CPU.Build.0 = Release|iPhone
		{5C59DA5E-03BD-4FB4-B0DC-DFFB495FC151}.Release|ARM.ActiveCfg = Release|iPhone
		{5C59DA5E-03BD-4FB4-B0DC-DFFB495FC151}.Release|ARM.Build.0 = Release|iPhone
		{5C59DA5E-03BD-4FB4-B0DC-DFFB495FC151}.Release|iPhone.ActiveCfg = Release|iPhone
		{5C59DA5E-03BD-4FB4-B0DC-DFFB495FC151}.Release|iPhone.Build.0 = Release|iPhone
		{5C59DA5E-03BD-4FB4-B0DC-DFFB495FC151}.Release|iPhoneSimulator.ActiveCfg = Release|iPhoneSimulator
		{5C59DA5E-03BD-4FB4-B0DC-DFFB495FC151}.Release|iPhoneSimulator.Build.0 = Release|iPhoneSimulator
		{5C59DA5E-03BD-4FB4-B0DC-DFFB495FC151}.Release|Mixed Platforms.ActiveCfg = Release|iPhone
		{5C59DA5E-03BD-4FB4-B0DC-DFFB495FC151}.Release|Mixed Platforms.Build.0 = Release|iPhone
		{5C59DA5E-03BD-4FB4-B0DC-DFFB495FC151}.Release|x64.ActiveCfg = Release|iPhone
		{5C59DA5E-03BD-4FB4-B0DC-DFFB495FC151}.Release|x64.Build.0 = Release|iPhone
		{5C59DA5E-03BD-4FB4-B0DC-DFFB495FC151}.Release|x86.ActiveCfg = Release|iPhone
		{5C59DA5E-03BD-4FB4-B0DC-DFFB495FC151}.Release|x86.Build.0 = Release|iPhone
	EndGlobalSection
	GlobalSection(SolutionProperties) = preSolution
		HideSolutionNode = FALSE
	EndGlobalSection
	GlobalSection(TestCaseManagementSettings) = postSolution
		CategoryFile = MvvmCross.vsmdi
	EndGlobalSection
	GlobalSection(NestedProjects) = preSolution
		{B3D37056-8E3C-4BA2-AF29-C07D0A104F79} = {D3D3E489-FDB8-4F52-8ED9-0EE2E3FD0EA7}
		{5C59DA5E-03BD-4FB4-B0DC-DFFB495FC151} = {D3D3E489-FDB8-4F52-8ED9-0EE2E3FD0EA7}
	EndGlobalSection
EndGlobal
